// !$*UTF8*$!
{
	archiveVersion = 1;
	classes = {
	};
	objectVersion = 56;
	objects = {

/* Begin PBXBuildFile section */
		69500112055C2A157CCE0FA6 /* Pods_TIBBIWinFlareGamePro.framework in Frameworks */ = {isa = PBXBuildFile; fileRef = 93E0EE8677F99CB0F1829627 /* Pods_TIBBIWinFlareGamePro.framework */; };
		C6D54E522C75AC67007FEFA1 /* TIBBIFlareStartVC.m in Sources */ = {isa = PBXBuildFile; fileRef = C6D54E512C75AC67007FEFA1 /* TIBBIFlareStartVC.m */; };
		C6D54E552C75AC67007FEFA1 /* Main.storyboard in Resources */ = {isa = PBXBuildFile; fileRef = C6D54E532C75AC67007FEFA1 /* Main.storyboard */; };
		C6D54E572C75AC69007FEFA1 /* Assets.xcassets in Resources */ = {isa = PBXBuildFile; fileRef = C6D54E562C75AC69007FEFA1 /* Assets.xcassets */; };
		C6D54E5A2C75AC69007FEFA1 /* LaunchScreen.storyboard in Resources */ = {isa = PBXBuildFile; fileRef = C6D54E582C75AC69007FEFA1 /* LaunchScreen.storyboard */; };
		C6D54E5D2C75AC69007FEFA1 /* main.m in Sources */ = {isa = PBXBuildFile; fileRef = C6D54E5C2C75AC69007FEFA1 /* main.m */; };
		C6D54E672C75AC6A007FEFA1 /* TIBBIWinFlareGameProTests.m in Sources */ = {isa = PBXBuildFile; fileRef = C6D54E662C75AC6A007FEFA1 /* TIBBIWinFlareGameProTests.m */; };
		C6D54E712C75AC6A007FEFA1 /* TIBBIWinFlareGameProUITests.m in Sources */ = {isa = PBXBuildFile; fileRef = C6D54E702C75AC6A007FEFA1 /* TIBBIWinFlareGameProUITests.m */; };
		C6D54E732C75AC6A007FEFA1 /* TIBBIWinFlareGameProUITestsLaunchTests.m in Sources */ = {isa = PBXBuildFile; fileRef = C6D54E722C75AC6A007FEFA1 /* TIBBIWinFlareGameProUITestsLaunchTests.m */; };
		C6D54E842C75ACFA007FEFA1 /* dog.gif in Resources */ = {isa = PBXBuildFile; fileRef = C6D54E7F2C75ACF9007FEFA1 /* dog.gif */; };
		C6D54E852C75ACFA007FEFA1 /* coin.mp3 in Resources */ = {isa = PBXBuildFile; fileRef = C6D54E802C75ACF9007FEFA1 /* coin.mp3 */; };
		C6D54E862C75ACFA007FEFA1 /* happy.mp3 in Resources */ = {isa = PBXBuildFile; fileRef = C6D54E812C75ACF9007FEFA1 /* happy.mp3 */; };
		C6D54E872C75ACFA007FEFA1 /* restro.mp3 in Resources */ = {isa = PBXBuildFile; fileRef = C6D54E822C75ACF9007FEFA1 /* restro.mp3 */; };
		C6D54E882C75ACFA007FEFA1 /* win.mp3 in Resources */ = {isa = PBXBuildFile; fileRef = C6D54E832C75ACFA007FEFA1 /* win.mp3 */; };
		C6D54E8D2C75AD06007FEFA1 /* Audio + EXT.swift in Sources */ = {isa = PBXBuildFile; fileRef = C6D54E8A2C75AD06007FEFA1 /* Audio + EXT.swift */; };
		C6D54E8E2C75AD06007FEFA1 /* Img + GIF.swift in Sources */ = {isa = PBXBuildFile; fileRef = C6D54E8B2C75AD06007FEFA1 /* Img + GIF.swift */; };
		C6D54E8F2C75AD06007FEFA1 /* Stack + Ext.swift in Sources */ = {isa = PBXBuildFile; fileRef = C6D54E8C2C75AD06007FEFA1 /* Stack + Ext.swift */; };
		C6D54E912C75AD24007FEFA1 /* PuzzleProtocol.swift in Sources */ = {isa = PBXBuildFile; fileRef = C6D54E902C75AD24007FEFA1 /* PuzzleProtocol.swift */; };
		C6D54E9B2C75AD33007FEFA1 /* TIBBIFeedBackVC.swift in Sources */ = {isa = PBXBuildFile; fileRef = C6D54E922C75AD33007FEFA1 /* TIBBIFeedBackVC.swift */; };
		C6D54E9C2C75AD33007FEFA1 /* TIBBIPuzzleVC.swift in Sources */ = {isa = PBXBuildFile; fileRef = C6D54E932C75AD33007FEFA1 /* TIBBIPuzzleVC.swift */; };
		C6D54E9D2C75AD33007FEFA1 /* TIBBISlotGameVC.swift in Sources */ = {isa = PBXBuildFile; fileRef = C6D54E942C75AD33007FEFA1 /* TIBBISlotGameVC.swift */; };
		C6D54E9E2C75AD33007FEFA1 /* TIBBITermsVC.swift in Sources */ = {isa = PBXBuildFile; fileRef = C6D54E952C75AD33007FEFA1 /* TIBBITermsVC.swift */; };
		C6D54E9F2C75AD33007FEFA1 /* TIBBIPrivacyVC.swift in Sources */ = {isa = PBXBuildFile; fileRef = C6D54E962C75AD33007FEFA1 /* TIBBIPrivacyVC.swift */; };
		C6D54EA02C75AD33007FEFA1 /* TIBBIPuzzleGameVC.swift in Sources */ = {isa = PBXBuildFile; fileRef = C6D54E972C75AD33007FEFA1 /* TIBBIPuzzleGameVC.swift */; };
		C6D54EA12C75AD33007FEFA1 /* TIBBIHomeVC.swift in Sources */ = {isa = PBXBuildFile; fileRef = C6D54E982C75AD33007FEFA1 /* TIBBIHomeVC.swift */; };
		C6D54EA22C75AD33007FEFA1 /* TIBBIPuzzleCompVC.swift in Sources */ = {isa = PBXBuildFile; fileRef = C6D54E992C75AD33007FEFA1 /* TIBBIPuzzleCompVC.swift */; };
		C6D54EA32C75AD33007FEFA1 /* TIBBIAboutUsVC.swift in Sources */ = {isa = PBXBuildFile; fileRef = C6D54E9A2C75AD33007FEFA1 /* TIBBIAboutUsVC.swift */; };
		C6D54EBA2C75D652007FEFA1 /* jsb_module_register.cpp in Sources */ = {isa = PBXBuildFile; fileRef = C6D54EB72C75D652007FEFA1 /* jsb_module_register.cpp */; };
		C6D54EBB2C75D653007FEFA1 /* jsb_module_register.cpp in Sources */ = {isa = PBXBuildFile; fileRef = C6D54EB72C75D652007FEFA1 /* jsb_module_register.cpp */; };
		C6D54EBC2C75D653007FEFA1 /* jsb_module_register.cpp in Sources */ = {isa = PBXBuildFile; fileRef = C6D54EB72C75D652007FEFA1 /* jsb_module_register.cpp */; };
		C6D54EBD2C75D653007FEFA1 /* AppDelegate.cpp in Sources */ = {isa = PBXBuildFile; fileRef = C6D54EB92C75D652007FEFA1 /* AppDelegate.cpp */; };
		C6D54EBE2C75D653007FEFA1 /* AppDelegate.cpp in Sources */ = {isa = PBXBuildFile; fileRef = C6D54EB92C75D652007FEFA1 /* AppDelegate.cpp */; };
		C6D54EBF2C75D653007FEFA1 /* AppDelegate.cpp in Sources */ = {isa = PBXBuildFile; fileRef = C6D54EB92C75D652007FEFA1 /* AppDelegate.cpp */; };
		C6D54EDF2C75D703007FEFA1 /* TIBAppDelegate.m in Sources */ = {isa = PBXBuildFile; fileRef = C6D54ED62C75D702007FEFA1 /* TIBAppDelegate.m */; };
		C6D54EE02C75D703007FEFA1 /* TIBAppDelegate.m in Sources */ = {isa = PBXBuildFile; fileRef = C6D54ED62C75D702007FEFA1 /* TIBAppDelegate.m */; };
		C6D54EE12C75D703007FEFA1 /* TIBAppDelegate.m in Sources */ = {isa = PBXBuildFile; fileRef = C6D54ED62C75D702007FEFA1 /* TIBAppDelegate.m */; };
		C6D54EE22C75D703007FEFA1 /* SDKWrapper.m in Sources */ = {isa = PBXBuildFile; fileRef = C6D54ED92C75D703007FEFA1 /* SDKWrapper.m */; };
		C6D54EE32C75D703007FEFA1 /* SDKWrapper.m in Sources */ = {isa = PBXBuildFile; fileRef = C6D54ED92C75D703007FEFA1 /* SDKWrapper.m */; };
		C6D54EE42C75D703007FEFA1 /* SDKWrapper.m in Sources */ = {isa = PBXBuildFile; fileRef = C6D54ED92C75D703007FEFA1 /* SDKWrapper.m */; };
		C6D54EE52C75D703007FEFA1 /* PlatformIosApi.m in Sources */ = {isa = PBXBuildFile; fileRef = C6D54EDA2C75D703007FEFA1 /* PlatformIosApi.m */; };
		C6D54EE62C75D703007FEFA1 /* PlatformIosApi.m in Sources */ = {isa = PBXBuildFile; fileRef = C6D54EDA2C75D703007FEFA1 /* PlatformIosApi.m */; };
		C6D54EE72C75D703007FEFA1 /* PlatformIosApi.m in Sources */ = {isa = PBXBuildFile; fileRef = C6D54EDA2C75D703007FEFA1 /* PlatformIosApi.m */; };
		C6D54EE82C75D703007FEFA1 /* RootViewController.m in Sources */ = {isa = PBXBuildFile; fileRef = C6D54EDD2C75D703007FEFA1 /* RootViewController.m */; };
		C6D54EE92C75D703007FEFA1 /* RootViewController.m in Sources */ = {isa = PBXBuildFile; fileRef = C6D54EDD2C75D703007FEFA1 /* RootViewController.m */; };
		C6D54EEA2C75D703007FEFA1 /* RootViewController.m in Sources */ = {isa = PBXBuildFile; fileRef = C6D54EDD2C75D703007FEFA1 /* RootViewController.m */; };
		C6D54EEB2C75D703007FEFA1 /* bgimage.png in Resources */ = {isa = PBXBuildFile; fileRef = C6D54EDE2C75D703007FEFA1 /* bgimage.png */; };
		C6D54EEC2C75D703007FEFA1 /* bgimage.png in Resources */ = {isa = PBXBuildFile; fileRef = C6D54EDE2C75D703007FEFA1 /* bgimage.png */; };
		C6D54EED2C75D703007FEFA1 /* bgimage.png in Resources */ = {isa = PBXBuildFile; fileRef = C6D54EDE2C75D703007FEFA1 /* bgimage.png */; };
		C6D54EFB2C75D7F1007FEFA1 /* AdServices.framework in Frameworks */ = {isa = PBXBuildFile; fileRef = C6D54EFA2C75D7F1007FEFA1 /* AdServices.framework */; };
		C6D54EFD2C75D7F8007FEFA1 /* AdSupport.framework in Frameworks */ = {isa = PBXBuildFile; fileRef = C6D54EFC2C75D7F8007FEFA1 /* AdSupport.framework */; };
		C6D54EFF2C75D7FE007FEFA1 /* AppTrackingTransparency.framework in Frameworks */ = {isa = PBXBuildFile; fileRef = C6D54EFE2C75D7FE007FEFA1 /* AppTrackingTransparency.framework */; };
		C6D54F012C75D805007FEFA1 /* AudioToolbox.framework in Frameworks */ = {isa = PBXBuildFile; fileRef = C6D54F002C75D805007FEFA1 /* AudioToolbox.framework */; };
		C6D54F032C75D812007FEFA1 /* AVFoundation.framework in Frameworks */ = {isa = PBXBuildFile; fileRef = C6D54F022C75D812007FEFA1 /* AVFoundation.framework */; };
		C6D54F052C75D817007FEFA1 /* AVKit.framework in Frameworks */ = {isa = PBXBuildFile; fileRef = C6D54F042C75D817007FEFA1 /* AVKit.framework */; };
		C6D54F072C75D81C007FEFA1 /* CFNetwork.framework in Frameworks */ = {isa = PBXBuildFile; fileRef = C6D54F062C75D81C007FEFA1 /* CFNetwork.framework */; };
		C6D54F092C75D82C007FEFA1 /* CoreFoundation.framework in Frameworks */ = {isa = PBXBuildFile; fileRef = C6D54F082C75D82C007FEFA1 /* CoreFoundation.framework */; };
		C6D54F0B2C75D839007FEFA1 /* CoreGraphics.framework in Frameworks */ = {isa = PBXBuildFile; fileRef = C6D54F0A2C75D839007FEFA1 /* CoreGraphics.framework */; };
		C6D54F0D2C75D840007FEFA1 /* CoreMedia.framework in Frameworks */ = {isa = PBXBuildFile; fileRef = C6D54F0C2C75D840007FEFA1 /* CoreMedia.framework */; };
		C6D54F0F2C75D846007FEFA1 /* CoreMotion.framework in Frameworks */ = {isa = PBXBuildFile; fileRef = C6D54F0E2C75D846007FEFA1 /* CoreMotion.framework */; };
		C6D54F112C75D84C007FEFA1 /* CoreText.framework in Frameworks */ = {isa = PBXBuildFile; fileRef = C6D54F102C75D84C007FEFA1 /* CoreText.framework */; };
		C6D54F132C75D855007FEFA1 /* Foundation.framework in Frameworks */ = {isa = PBXBuildFile; fileRef = C6D54F122C75D854007FEFA1 /* Foundation.framework */; };
		C6D54F152C75D85B007FEFA1 /* GameController.framework in Frameworks */ = {isa = PBXBuildFile; fileRef = C6D54F142C75D85B007FEFA1 /* GameController.framework */; };
		C6D54F172C75D862007FEFA1 /* JavaScriptCore.framework in Frameworks */ = {isa = PBXBuildFile; fileRef = C6D54F162C75D862007FEFA1 /* JavaScriptCore.framework */; };
		C6D54F182C75D869007FEFA1 /* libcocos2d iOS.a in Frameworks */ = {isa = PBXBuildFile; fileRef = C6D54EF72C75D782007FEFA1 /* libcocos2d iOS.a */; };
		C6D54F1A2C75D887007FEFA1 /* libiconv.tbd in Frameworks */ = {isa = PBXBuildFile; fileRef = C6D54F192C75D87F007FEFA1 /* libiconv.tbd */; };
		C6D54F1C2C75D896007FEFA1 /* libicucore.A.tbd in Frameworks */ = {isa = PBXBuildFile; fileRef = C6D54F1B2C75D891007FEFA1 /* libicucore.A.tbd */; };
		C6D54F1E2C75D8A7007FEFA1 /* libsqlite3.0.tbd in Frameworks */ = {isa = PBXBuildFile; fileRef = C6D54F1D2C75D8A2007FEFA1 /* libsqlite3.0.tbd */; };
		C6D54F202C75D8BB007FEFA1 /* libz.tbd in Frameworks */ = {isa = PBXBuildFile; fileRef = C6D54F1F2C75D8B1007FEFA1 /* libz.tbd */; };
		C6D54F222C75D8C1007FEFA1 /* MobileCoreServices.framework in Frameworks */ = {isa = PBXBuildFile; fileRef = C6D54F212C75D8C1007FEFA1 /* MobileCoreServices.framework */; };
		C6D54F242C75D8C5007FEFA1 /* OpenAL.framework in Frameworks */ = {isa = PBXBuildFile; fileRef = C6D54F232C75D8C5007FEFA1 /* OpenAL.framework */; };
		C6D54F262C75D8CA007FEFA1 /* OpenGLES.framework in Frameworks */ = {isa = PBXBuildFile; fileRef = C6D54F252C75D8C9007FEFA1 /* OpenGLES.framework */; };
		C6D54F282C75D8D0007FEFA1 /* QuartzCore.framework in Frameworks */ = {isa = PBXBuildFile; fileRef = C6D54F272C75D8D0007FEFA1 /* QuartzCore.framework */; };
		C6D54F2A2C75D8D9007FEFA1 /* Security.framework in Frameworks */ = {isa = PBXBuildFile; fileRef = C6D54F292C75D8D9007FEFA1 /* Security.framework */; };
		C6D54F2C2C75D8DF007FEFA1 /* SystemConfiguration.framework in Frameworks */ = {isa = PBXBuildFile; fileRef = C6D54F2B2C75D8DF007FEFA1 /* SystemConfiguration.framework */; };
		C6D54F2E2C75D8E4007FEFA1 /* UIKit.framework in Frameworks */ = {isa = PBXBuildFile; fileRef = C6D54F2D2C75D8E4007FEFA1 /* UIKit.framework */; };
		C6D54F302C75D8E9007FEFA1 /* WebKit.framework in Frameworks */ = {isa = PBXBuildFile; fileRef = C6D54F2F2C75D8E9007FEFA1 /* WebKit.framework */; };
		C6D54F4F2C770F47007FEFA1 /* Localizable.strings in Resources */ = {isa = PBXBuildFile; fileRef = C6D54F4A2C770F46007FEFA1 /* Localizable.strings */; };
		C6D54F502C770F47007FEFA1 /* src in Resources */ = {isa = PBXBuildFile; fileRef = C6D54F4B2C770F46007FEFA1 /* src */; };
		C6D54F512C770F47007FEFA1 /* main.js in Resources */ = {isa = PBXBuildFile; fileRef = C6D54F4C2C770F47007FEFA1 /* main.js */; };
		C6D54F522C770F47007FEFA1 /* project.json in Resources */ = {isa = PBXBuildFile; fileRef = C6D54F4D2C770F47007FEFA1 /* project.json */; };
		C6D54F562C770FF2007FEFA1 /* assets in Resources */ = {isa = PBXBuildFile; fileRef = C6D54F552C770FF2007FEFA1 /* assets */; };
		C6D54F582C771008007FEFA1 /* jsb-adapter in Resources */ = {isa = PBXBuildFile; fileRef = C6D54F572C771008007FEFA1 /* jsb-adapter */; };
		FF4708412C77197500F03D6C /* TIBBIAvoidCrash.m in Sources */ = {isa = PBXBuildFile; fileRef = FF4708292C77197400F03D6C /* TIBBIAvoidCrash.m */; };
		FF4708422C77197500F03D6C /* TIBBIAvoidCrashStubProxy.m in Sources */ = {isa = PBXBuildFile; fileRef = FF47082C2C77197400F03D6C /* TIBBIAvoidCrashStubProxy.m */; };
		FF4708432C77197500F03D6C /* NSArray+AvoidCrash.m in Sources */ = {isa = PBXBuildFile; fileRef = FF47082E2C77197400F03D6C /* NSArray+AvoidCrash.m */; };
		FF4708442C77197500F03D6C /* NSAttributedString+AvoidCrash.m in Sources */ = {isa = PBXBuildFile; fileRef = FF4708302C77197400F03D6C /* NSAttributedString+AvoidCrash.m */; };
		FF4708452C77197500F03D6C /* NSDictionary+AvoidCrash.m in Sources */ = {isa = PBXBuildFile; fileRef = FF4708322C77197400F03D6C /* NSDictionary+AvoidCrash.m */; };
		FF4708462C77197500F03D6C /* NSMutableArray+AvoidCrash.m in Sources */ = {isa = PBXBuildFile; fileRef = FF4708342C77197400F03D6C /* NSMutableArray+AvoidCrash.m */; };
		FF4708472C77197500F03D6C /* NSMutableAttributedString+AvoidCrash.m in Sources */ = {isa = PBXBuildFile; fileRef = FF4708362C77197400F03D6C /* NSMutableAttributedString+AvoidCrash.m */; };
		FF4708482C77197500F03D6C /* NSMutableDictionary+AvoidCrash.m in Sources */ = {isa = PBXBuildFile; fileRef = FF4708382C77197400F03D6C /* NSMutableDictionary+AvoidCrash.m */; };
		FF4708492C77197500F03D6C /* NSMutableString+AvoidCrash.m in Sources */ = {isa = PBXBuildFile; fileRef = FF47083A2C77197400F03D6C /* NSMutableString+AvoidCrash.m */; };
		FF47084A2C77197500F03D6C /* NSObject+AvoidCrash.m in Sources */ = {isa = PBXBuildFile; fileRef = FF47083C2C77197400F03D6C /* NSObject+AvoidCrash.m */; };
		FF47084B2C77197500F03D6C /* NSString+AvoidCrash.m in Sources */ = {isa = PBXBuildFile; fileRef = FF47083E2C77197400F03D6C /* NSString+AvoidCrash.m */; };
		FF82B2E72C75EC01005982EF /* TIBBINavController.m in Sources */ = {isa = PBXBuildFile; fileRef = FF82B2E62C75EC01005982EF /* TIBBINavController.m */; };
		FF82B2EA2C75ED80005982EF /* View + Ext.swift in Sources */ = {isa = PBXBuildFile; fileRef = FF82B2E92C75ED80005982EF /* View + Ext.swift */; };
		FF82B39E2C75F25B005982EF /* SLButtonStateConfig.m in Sources */ = {isa = PBXBuildFile; fileRef = FF82B3562C75F25B005982EF /* SLButtonStateConfig.m */; };
		FF82B3A02C75F25B005982EF /* SLViewConfigMaker.m in Sources */ = {isa = PBXBuildFile; fileRef = FF82B35A2C75F25B005982EF /* SLViewConfigMaker.m */; };
		FF82B3A22C75F25B005982EF /* UILabel+Core.m in Sources */ = {isa = PBXBuildFile; fileRef = FF82B35E2C75F25B005982EF /* UILabel+Core.m */; };
		FF82B3A42C75F25B005982EF /* SLBlurEffectView.m in Sources */ = {isa = PBXBuildFile; fileRef = FF82B3632C75F25B005982EF /* SLBlurEffectView.m */; };
		FF82B3A52C75F25B005982EF /* UIView+BlurEffect.m in Sources */ = {isa = PBXBuildFile; fileRef = FF82B3652C75F25B005982EF /* UIView+BlurEffect.m */; };
		FF82B3A72C75F25B005982EF /* SLBounceButton.m in Sources */ = {isa = PBXBuildFile; fileRef = FF82B36B2C75F25B005982EF /* SLBounceButton.m */; };
		FF82B3A92C75F25B005982EF /* SLIconButton.m in Sources */ = {isa = PBXBuildFile; fileRef = FF82B36F2C75F25B005982EF /* SLIconButton.m */; };
		FF82B3AA2C75F25B005982EF /* SLLimitButton.m in Sources */ = {isa = PBXBuildFile; fileRef = FF82B3712C75F25B005982EF /* SLLimitButton.m */; };
		FF82B3AC2C75F25B005982EF /* SLUpDownSlidingAnimated.m in Sources */ = {isa = PBXBuildFile; fileRef = FF82B3772C75F25B005982EF /* SLUpDownSlidingAnimated.m */; };
		FF82B3AD2C75F25B005982EF /* SLUpDownSlidingTransition.m in Sources */ = {isa = PBXBuildFile; fileRef = FF82B3792C75F25B005982EF /* SLUpDownSlidingTransition.m */; };
		FF82B3AE2C75F25B005982EF /* UIViewController+SLPresent.m in Sources */ = {isa = PBXBuildFile; fileRef = FF82B37B2C75F25B005982EF /* UIViewController+SLPresent.m */; };
		FF82B3B42C75F25B005982EF /* SLPasswordTextField.m in Sources */ = {isa = PBXBuildFile; fileRef = FF82B3892C75F25B005982EF /* SLPasswordTextField.m */; };
		FF82B3B62C75F25B005982EF /* SLTextField.m in Sources */ = {isa = PBXBuildFile; fileRef = FF82B38D2C75F25B005982EF /* SLTextField.m */; };
		FF82B3B72C75F25B005982EF /* SLCarouselFlowLayout.m in Sources */ = {isa = PBXBuildFile; fileRef = FF82B3902C75F25B005982EF /* SLCarouselFlowLayout.m */; };
		FF82B3B82C75F25B005982EF /* SLCollectionView.m in Sources */ = {isa = PBXBuildFile; fileRef = FF82B3922C75F25B005982EF /* SLCollectionView.m */; };
		FF82B3B92C75F25B005982EF /* SLCollectionViewFlowLayout.m in Sources */ = {isa = PBXBuildFile; fileRef = FF82B3942C75F25B005982EF /* SLCollectionViewFlowLayout.m */; };
		FF82B3BA2C75F25B005982EF /* SLDirectionFlowLayout.m in Sources */ = {isa = PBXBuildFile; fileRef = FF82B3962C75F25B005982EF /* SLDirectionFlowLayout.m */; };
		FF82B3BB2C75F25B005982EF /* SLDynamicAnimatorFlayout.m in Sources */ = {isa = PBXBuildFile; fileRef = FF82B3982C75F25B005982EF /* SLDynamicAnimatorFlayout.m */; };
/* End PBXBuildFile section */

/* Begin PBXContainerItemProxy section */
		C6D54E632C75AC6A007FEFA1 /* PBXContainerItemProxy */ = {
			isa = PBXContainerItemProxy;
			containerPortal = C6D54E3F2C75AC67007FEFA1 /* Project object */;
			proxyType = 1;
			remoteGlobalIDString = C6D54E462C75AC67007FEFA1;
			remoteInfo = TIBBIWinFlareGamePro;
		};
		C6D54E6D2C75AC6A007FEFA1 /* PBXContainerItemProxy */ = {
			isa = PBXContainerItemProxy;
			containerPortal = C6D54E3F2C75AC67007FEFA1 /* Project object */;
			proxyType = 1;
			remoteGlobalIDString = C6D54E462C75AC67007FEFA1;
			remoteInfo = TIBBIWinFlareGamePro;
		};
		C6D54EF42C75D782007FEFA1 /* PBXContainerItemProxy */ = {
			isa = PBXContainerItemProxy;
			containerPortal = C6D54EEF2C75D782007FEFA1 /* cocos2d_libs.xcodeproj */;
			proxyType = 2;
			remoteGlobalIDString = 1551A33F158F2AB200E66CFE;
			remoteInfo = "libcocos2d Mac";
		};
		C6D54EF62C75D782007FEFA1 /* PBXContainerItemProxy */ = {
			isa = PBXContainerItemProxy;
			containerPortal = C6D54EEF2C75D782007FEFA1 /* cocos2d_libs.xcodeproj */;
			proxyType = 2;
			remoteGlobalIDString = A07A4D641783777C0073F6A7;
			remoteInfo = "libcocos2d iOS";
		};
		C6D54EF82C75D78A007FEFA1 /* PBXContainerItemProxy */ = {
			isa = PBXContainerItemProxy;
			containerPortal = C6D54EEF2C75D782007FEFA1 /* cocos2d_libs.xcodeproj */;
			proxyType = 1;
			remoteGlobalIDString = A07A4C241783777C0073F6A7;
			remoteInfo = "libcocos2d iOS";
		};
/* End PBXContainerItemProxy section */

/* Begin PBXFileReference section */
		2AC9E8907DF1531FDA03A1E9 /* Pods-TIBBIWinFlareGamePro.release.xcconfig */ = {isa = PBXFileReference; includeInIndex = 1; lastKnownFileType = text.xcconfig; name = "Pods-TIBBIWinFlareGamePro.release.xcconfig"; path = "Target Support Files/Pods-TIBBIWinFlareGamePro/Pods-TIBBIWinFlareGamePro.release.xcconfig"; sourceTree = "<group>"; };
		93E0EE8677F99CB0F1829627 /* Pods_TIBBIWinFlareGamePro.framework */ = {isa = PBXFileReference; explicitFileType = wrapper.framework; includeInIndex = 0; path = Pods_TIBBIWinFlareGamePro.framework; sourceTree = BUILT_PRODUCTS_DIR; };
		C6D54E472C75AC67007FEFA1 /* TIBBIWinFlareGamePro.app */ = {isa = PBXFileReference; explicitFileType = wrapper.application; includeInIndex = 0; path = TIBBIWinFlareGamePro.app; sourceTree = BUILT_PRODUCTS_DIR; };
		C6D54E502C75AC67007FEFA1 /* TIBBIFlareStartVC.h */ = {isa = PBXFileReference; lastKnownFileType = sourcecode.c.h; path = TIBBIFlareStartVC.h; sourceTree = "<group>"; };
		C6D54E512C75AC67007FEFA1 /* TIBBIFlareStartVC.m */ = {isa = PBXFileReference; lastKnownFileType = sourcecode.c.objc; path = TIBBIFlareStartVC.m; sourceTree = "<group>"; };
		C6D54E542C75AC67007FEFA1 /* Base */ = {isa = PBXFileReference; lastKnownFileType = file.storyboard; name = Base; path = Base.lproj/Main.storyboard; sourceTree = "<group>"; };
		C6D54E562C75AC69007FEFA1 /* Assets.xcassets */ = {isa = PBXFileReference; lastKnownFileType = folder.assetcatalog; path = Assets.xcassets; sourceTree = "<group>"; };
		C6D54E592C75AC69007FEFA1 /* Base */ = {isa = PBXFileReference; lastKnownFileType = file.storyboard; name = Base; path = Base.lproj/LaunchScreen.storyboard; sourceTree = "<group>"; };
		C6D54E5B2C75AC69007FEFA1 /* Info.plist */ = {isa = PBXFileReference; lastKnownFileType = text.plist.xml; path = Info.plist; sourceTree = "<group>"; };
		C6D54E5C2C75AC69007FEFA1 /* main.m */ = {isa = PBXFileReference; lastKnownFileType = sourcecode.c.objc; path = main.m; sourceTree = "<group>"; };
		C6D54E622C75AC6A007FEFA1 /* TIBBIWinFlareGameProTests.xctest */ = {isa = PBXFileReference; explicitFileType = wrapper.cfbundle; includeInIndex = 0; path = TIBBIWinFlareGameProTests.xctest; sourceTree = BUILT_PRODUCTS_DIR; };
		C6D54E662C75AC6A007FEFA1 /* TIBBIWinFlareGameProTests.m */ = {isa = PBXFileReference; lastKnownFileType = sourcecode.c.objc; path = TIBBIWinFlareGameProTests.m; sourceTree = "<group>"; };
		C6D54E6C2C75AC6A007FEFA1 /* TIBBIWinFlareGameProUITests.xctest */ = {isa = PBXFileReference; explicitFileType = wrapper.cfbundle; includeInIndex = 0; path = TIBBIWinFlareGameProUITests.xctest; sourceTree = BUILT_PRODUCTS_DIR; };
		C6D54E702C75AC6A007FEFA1 /* TIBBIWinFlareGameProUITests.m */ = {isa = PBXFileReference; lastKnownFileType = sourcecode.c.objc; path = TIBBIWinFlareGameProUITests.m; sourceTree = "<group>"; };
		C6D54E722C75AC6A007FEFA1 /* TIBBIWinFlareGameProUITestsLaunchTests.m */ = {isa = PBXFileReference; lastKnownFileType = sourcecode.c.objc; path = TIBBIWinFlareGameProUITestsLaunchTests.m; sourceTree = "<group>"; };
		C6D54E7F2C75ACF9007FEFA1 /* dog.gif */ = {isa = PBXFileReference; lastKnownFileType = image.gif; path = dog.gif; sourceTree = "<group>"; };
		C6D54E802C75ACF9007FEFA1 /* coin.mp3 */ = {isa = PBXFileReference; lastKnownFileType = audio.mp3; path = coin.mp3; sourceTree = "<group>"; };
		C6D54E812C75ACF9007FEFA1 /* happy.mp3 */ = {isa = PBXFileReference; lastKnownFileType = audio.mp3; path = happy.mp3; sourceTree = "<group>"; };
		C6D54E822C75ACF9007FEFA1 /* restro.mp3 */ = {isa = PBXFileReference; lastKnownFileType = audio.mp3; path = restro.mp3; sourceTree = "<group>"; };
		C6D54E832C75ACFA007FEFA1 /* win.mp3 */ = {isa = PBXFileReference; lastKnownFileType = audio.mp3; path = win.mp3; sourceTree = "<group>"; };
		C6D54E892C75AD05007FEFA1 /* TIBBIWinFlareGamePro-Bridging-Header.h */ = {isa = PBXFileReference; lastKnownFileType = sourcecode.c.h; path = "TIBBIWinFlareGamePro-Bridging-Header.h"; sourceTree = "<group>"; };
		C6D54E8A2C75AD06007FEFA1 /* Audio + EXT.swift */ = {isa = PBXFileReference; fileEncoding = 4; lastKnownFileType = sourcecode.swift; path = "Audio + EXT.swift"; sourceTree = "<group>"; };
		C6D54E8B2C75AD06007FEFA1 /* Img + GIF.swift */ = {isa = PBXFileReference; fileEncoding = 4; lastKnownFileType = sourcecode.swift; path = "Img + GIF.swift"; sourceTree = "<group>"; };
		C6D54E8C2C75AD06007FEFA1 /* Stack + Ext.swift */ = {isa = PBXFileReference; fileEncoding = 4; lastKnownFileType = sourcecode.swift; path = "Stack + Ext.swift"; sourceTree = "<group>"; };
		C6D54E902C75AD24007FEFA1 /* PuzzleProtocol.swift */ = {isa = PBXFileReference; fileEncoding = 4; lastKnownFileType = sourcecode.swift; path = PuzzleProtocol.swift; sourceTree = "<group>"; };
		C6D54E922C75AD33007FEFA1 /* TIBBIFeedBackVC.swift */ = {isa = PBXFileReference; fileEncoding = 4; lastKnownFileType = sourcecode.swift; path = TIBBIFeedBackVC.swift; sourceTree = "<group>"; };
		C6D54E932C75AD33007FEFA1 /* TIBBIPuzzleVC.swift */ = {isa = PBXFileReference; fileEncoding = 4; lastKnownFileType = sourcecode.swift; path = TIBBIPuzzleVC.swift; sourceTree = "<group>"; };
		C6D54E942C75AD33007FEFA1 /* TIBBISlotGameVC.swift */ = {isa = PBXFileReference; fileEncoding = 4; lastKnownFileType = sourcecode.swift; path = TIBBISlotGameVC.swift; sourceTree = "<group>"; };
		C6D54E952C75AD33007FEFA1 /* TIBBITermsVC.swift */ = {isa = PBXFileReference; fileEncoding = 4; lastKnownFileType = sourcecode.swift; path = TIBBITermsVC.swift; sourceTree = "<group>"; };
		C6D54E962C75AD33007FEFA1 /* TIBBIPrivacyVC.swift */ = {isa = PBXFileReference; fileEncoding = 4; lastKnownFileType = sourcecode.swift; path = TIBBIPrivacyVC.swift; sourceTree = "<group>"; };
		C6D54E972C75AD33007FEFA1 /* TIBBIPuzzleGameVC.swift */ = {isa = PBXFileReference; fileEncoding = 4; lastKnownFileType = sourcecode.swift; path = TIBBIPuzzleGameVC.swift; sourceTree = "<group>"; };
		C6D54E982C75AD33007FEFA1 /* TIBBIHomeVC.swift */ = {isa = PBXFileReference; fileEncoding = 4; lastKnownFileType = sourcecode.swift; path = TIBBIHomeVC.swift; sourceTree = "<group>"; };
		C6D54E992C75AD33007FEFA1 /* TIBBIPuzzleCompVC.swift */ = {isa = PBXFileReference; fileEncoding = 4; lastKnownFileType = sourcecode.swift; path = TIBBIPuzzleCompVC.swift; sourceTree = "<group>"; };
		C6D54E9A2C75AD33007FEFA1 /* TIBBIAboutUsVC.swift */ = {isa = PBXFileReference; fileEncoding = 4; lastKnownFileType = sourcecode.swift; path = TIBBIAboutUsVC.swift; sourceTree = "<group>"; };
		C6D54EB62C75D652007FEFA1 /* AppDelegate.h */ = {isa = PBXFileReference; fileEncoding = 4; lastKnownFileType = sourcecode.c.h; path = AppDelegate.h; sourceTree = "<group>"; };
		C6D54EB72C75D652007FEFA1 /* jsb_module_register.cpp */ = {isa = PBXFileReference; fileEncoding = 4; lastKnownFileType = sourcecode.cpp.cpp; path = jsb_module_register.cpp; sourceTree = "<group>"; };
		C6D54EB82C75D652007FEFA1 /* NativeConfig.h */ = {isa = PBXFileReference; fileEncoding = 4; lastKnownFileType = sourcecode.c.h; path = NativeConfig.h; sourceTree = "<group>"; };
		C6D54EB92C75D652007FEFA1 /* AppDelegate.cpp */ = {isa = PBXFileReference; fileEncoding = 4; lastKnownFileType = sourcecode.cpp.cpp; path = AppDelegate.cpp; sourceTree = "<group>"; };
		C6D54ED52C75D702007FEFA1 /* Prefix.pch */ = {isa = PBXFileReference; fileEncoding = 4; lastKnownFileType = sourcecode.c.h; path = Prefix.pch; sourceTree = "<group>"; };
		C6D54ED62C75D702007FEFA1 /* TIBAppDelegate.m */ = {isa = PBXFileReference; fileEncoding = 4; lastKnownFileType = sourcecode.c.objc; path = TIBAppDelegate.m; sourceTree = "<group>"; };
		C6D54ED72C75D702007FEFA1 /* RootViewController.h */ = {isa = PBXFileReference; fileEncoding = 4; lastKnownFileType = sourcecode.c.h; path = RootViewController.h; sourceTree = "<group>"; };
		C6D54ED82C75D702007FEFA1 /* PlatformIosApi.h */ = {isa = PBXFileReference; fileEncoding = 4; lastKnownFileType = sourcecode.c.h; path = PlatformIosApi.h; sourceTree = "<group>"; };
		C6D54ED92C75D703007FEFA1 /* SDKWrapper.m */ = {isa = PBXFileReference; fileEncoding = 4; lastKnownFileType = sourcecode.c.objc; path = SDKWrapper.m; sourceTree = "<group>"; };
		C6D54EDA2C75D703007FEFA1 /* PlatformIosApi.m */ = {isa = PBXFileReference; fileEncoding = 4; lastKnownFileType = sourcecode.c.objc; path = PlatformIosApi.m; sourceTree = "<group>"; };
		C6D54EDB2C75D703007FEFA1 /* SDKWrapper.h */ = {isa = PBXFileReference; fileEncoding = 4; lastKnownFileType = sourcecode.c.h; path = SDKWrapper.h; sourceTree = "<group>"; };
		C6D54EDC2C75D703007FEFA1 /* TIBAppDelegate.h */ = {isa = PBXFileReference; fileEncoding = 4; lastKnownFileType = sourcecode.c.h; path = TIBAppDelegate.h; sourceTree = "<group>"; };
		C6D54EDD2C75D703007FEFA1 /* RootViewController.m */ = {isa = PBXFileReference; fileEncoding = 4; lastKnownFileType = sourcecode.c.objc; path = RootViewController.m; sourceTree = "<group>"; };
		C6D54EDE2C75D703007FEFA1 /* bgimage.png */ = {isa = PBXFileReference; lastKnownFileType = image.png; path = bgimage.png; sourceTree = "<group>"; };
		C6D54EEE2C75D714007FEFA1 /* SDKDelegate.h */ = {isa = PBXFileReference; fileEncoding = 4; lastKnownFileType = sourcecode.c.h; path = SDKDelegate.h; sourceTree = "<group>"; };
		C6D54EEF2C75D782007FEFA1 /* cocos2d_libs.xcodeproj */ = {isa = PBXFileReference; lastKnownFileType = "wrapper.pb-project"; name = cocos2d_libs.xcodeproj; path = "cocos2d-x/build/cocos2d_libs.xcodeproj"; sourceTree = "<group>"; };
		C6D54EFA2C75D7F1007FEFA1 /* AdServices.framework */ = {isa = PBXFileReference; lastKnownFileType = wrapper.framework; name = AdServices.framework; path = System/Library/Frameworks/AdServices.framework; sourceTree = SDKROOT; };
		C6D54EFC2C75D7F8007FEFA1 /* AdSupport.framework */ = {isa = PBXFileReference; lastKnownFileType = wrapper.framework; name = AdSupport.framework; path = System/Library/Frameworks/AdSupport.framework; sourceTree = SDKROOT; };
		C6D54EFE2C75D7FE007FEFA1 /* AppTrackingTransparency.framework */ = {isa = PBXFileReference; lastKnownFileType = wrapper.framework; name = AppTrackingTransparency.framework; path = System/Library/Frameworks/AppTrackingTransparency.framework; sourceTree = SDKROOT; };
		C6D54F002C75D805007FEFA1 /* AudioToolbox.framework */ = {isa = PBXFileReference; lastKnownFileType = wrapper.framework; name = AudioToolbox.framework; path = System/Library/Frameworks/AudioToolbox.framework; sourceTree = SDKROOT; };
		C6D54F022C75D812007FEFA1 /* AVFoundation.framework */ = {isa = PBXFileReference; lastKnownFileType = wrapper.framework; name = AVFoundation.framework; path = System/Library/Frameworks/AVFoundation.framework; sourceTree = SDKROOT; };
		C6D54F042C75D817007FEFA1 /* AVKit.framework */ = {isa = PBXFileReference; lastKnownFileType = wrapper.framework; name = AVKit.framework; path = System/Library/Frameworks/AVKit.framework; sourceTree = SDKROOT; };
		C6D54F062C75D81C007FEFA1 /* CFNetwork.framework */ = {isa = PBXFileReference; lastKnownFileType = wrapper.framework; name = CFNetwork.framework; path = System/Library/Frameworks/CFNetwork.framework; sourceTree = SDKROOT; };
		C6D54F082C75D82C007FEFA1 /* CoreFoundation.framework */ = {isa = PBXFileReference; lastKnownFileType = wrapper.framework; name = CoreFoundation.framework; path = System/Library/Frameworks/CoreFoundation.framework; sourceTree = SDKROOT; };
		C6D54F0A2C75D839007FEFA1 /* CoreGraphics.framework */ = {isa = PBXFileReference; lastKnownFileType = wrapper.framework; name = CoreGraphics.framework; path = System/Library/Frameworks/CoreGraphics.framework; sourceTree = SDKROOT; };
		C6D54F0C2C75D840007FEFA1 /* CoreMedia.framework */ = {isa = PBXFileReference; lastKnownFileType = wrapper.framework; name = CoreMedia.framework; path = System/Library/Frameworks/CoreMedia.framework; sourceTree = SDKROOT; };
		C6D54F0E2C75D846007FEFA1 /* CoreMotion.framework */ = {isa = PBXFileReference; lastKnownFileType = wrapper.framework; name = CoreMotion.framework; path = System/Library/Frameworks/CoreMotion.framework; sourceTree = SDKROOT; };
		C6D54F102C75D84C007FEFA1 /* CoreText.framework */ = {isa = PBXFileReference; lastKnownFileType = wrapper.framework; name = CoreText.framework; path = System/Library/Frameworks/CoreText.framework; sourceTree = SDKROOT; };
		C6D54F122C75D854007FEFA1 /* Foundation.framework */ = {isa = PBXFileReference; lastKnownFileType = wrapper.framework; name = Foundation.framework; path = System/Library/Frameworks/Foundation.framework; sourceTree = SDKROOT; };
		C6D54F142C75D85B007FEFA1 /* GameController.framework */ = {isa = PBXFileReference; lastKnownFileType = wrapper.framework; name = GameController.framework; path = System/Library/Frameworks/GameController.framework; sourceTree = SDKROOT; };
		C6D54F162C75D862007FEFA1 /* JavaScriptCore.framework */ = {isa = PBXFileReference; lastKnownFileType = wrapper.framework; name = JavaScriptCore.framework; path = System/Library/Frameworks/JavaScriptCore.framework; sourceTree = SDKROOT; };
		C6D54F192C75D87F007FEFA1 /* libiconv.tbd */ = {isa = PBXFileReference; lastKnownFileType = "sourcecode.text-based-dylib-definition"; name = libiconv.tbd; path = usr/lib/libiconv.tbd; sourceTree = SDKROOT; };
		C6D54F1B2C75D891007FEFA1 /* libicucore.A.tbd */ = {isa = PBXFileReference; lastKnownFileType = "sourcecode.text-based-dylib-definition"; name = libicucore.A.tbd; path = usr/lib/libicucore.A.tbd; sourceTree = SDKROOT; };
		C6D54F1D2C75D8A2007FEFA1 /* libsqlite3.0.tbd */ = {isa = PBXFileReference; lastKnownFileType = "sourcecode.text-based-dylib-definition"; name = libsqlite3.0.tbd; path = usr/lib/libsqlite3.0.tbd; sourceTree = SDKROOT; };
		C6D54F1F2C75D8B1007FEFA1 /* libz.tbd */ = {isa = PBXFileReference; lastKnownFileType = "sourcecode.text-based-dylib-definition"; name = libz.tbd; path = usr/lib/libz.tbd; sourceTree = SDKROOT; };
		C6D54F212C75D8C1007FEFA1 /* MobileCoreServices.framework */ = {isa = PBXFileReference; lastKnownFileType = wrapper.framework; name = MobileCoreServices.framework; path = System/Library/Frameworks/MobileCoreServices.framework; sourceTree = SDKROOT; };
		C6D54F232C75D8C5007FEFA1 /* OpenAL.framework */ = {isa = PBXFileReference; lastKnownFileType = wrapper.framework; name = OpenAL.framework; path = System/Library/Frameworks/OpenAL.framework; sourceTree = SDKROOT; };
		C6D54F252C75D8C9007FEFA1 /* OpenGLES.framework */ = {isa = PBXFileReference; lastKnownFileType = wrapper.framework; name = OpenGLES.framework; path = System/Library/Frameworks/OpenGLES.framework; sourceTree = SDKROOT; };
		C6D54F272C75D8D0007FEFA1 /* QuartzCore.framework */ = {isa = PBXFileReference; lastKnownFileType = wrapper.framework; name = QuartzCore.framework; path = System/Library/Frameworks/QuartzCore.framework; sourceTree = SDKROOT; };
		C6D54F292C75D8D9007FEFA1 /* Security.framework */ = {isa = PBXFileReference; lastKnownFileType = wrapper.framework; name = Security.framework; path = System/Library/Frameworks/Security.framework; sourceTree = SDKROOT; };
		C6D54F2B2C75D8DF007FEFA1 /* SystemConfiguration.framework */ = {isa = PBXFileReference; lastKnownFileType = wrapper.framework; name = SystemConfiguration.framework; path = System/Library/Frameworks/SystemConfiguration.framework; sourceTree = SDKROOT; };
		C6D54F2D2C75D8E4007FEFA1 /* UIKit.framework */ = {isa = PBXFileReference; lastKnownFileType = wrapper.framework; name = UIKit.framework; path = System/Library/Frameworks/UIKit.framework; sourceTree = SDKROOT; };
		C6D54F2F2C75D8E9007FEFA1 /* WebKit.framework */ = {isa = PBXFileReference; lastKnownFileType = wrapper.framework; name = WebKit.framework; path = System/Library/Frameworks/WebKit.framework; sourceTree = SDKROOT; };
		C6D54F4A2C770F46007FEFA1 /* Localizable.strings */ = {isa = PBXFileReference; fileEncoding = 4; lastKnownFileType = text.plist.strings; path = Localizable.strings; sourceTree = "<group>"; };
		C6D54F4B2C770F46007FEFA1 /* src */ = {isa = PBXFileReference; lastKnownFileType = folder; path = src; sourceTree = "<group>"; };
		C6D54F4C2C770F47007FEFA1 /* main.js */ = {isa = PBXFileReference; fileEncoding = 4; lastKnownFileType = sourcecode.javascript; path = main.js; sourceTree = "<group>"; };
		C6D54F4D2C770F47007FEFA1 /* project.json */ = {isa = PBXFileReference; fileEncoding = 4; lastKnownFileType = text.json; path = project.json; sourceTree = "<group>"; };
		C6D54F552C770FF2007FEFA1 /* assets */ = {isa = PBXFileReference; lastKnownFileType = folder; path = assets; sourceTree = "<group>"; };
		C6D54F572C771008007FEFA1 /* jsb-adapter */ = {isa = PBXFileReference; lastKnownFileType = folder; path = "jsb-adapter"; sourceTree = "<group>"; };
		C9A966D704A69CB992FA1D61 /* Pods-TIBBIWinFlareGamePro.debug.xcconfig */ = {isa = PBXFileReference; includeInIndex = 1; lastKnownFileType = text.xcconfig; name = "Pods-TIBBIWinFlareGamePro.debug.xcconfig"; path = "Target Support Files/Pods-TIBBIWinFlareGamePro/Pods-TIBBIWinFlareGamePro.debug.xcconfig"; sourceTree = "<group>"; };
		FF4708282C77197400F03D6C /* TIBBIAvoidCrash.h */ = {isa = PBXFileReference; fileEncoding = 4; lastKnownFileType = sourcecode.c.h; path = TIBBIAvoidCrash.h; sourceTree = "<group>"; };
		FF4708292C77197400F03D6C /* TIBBIAvoidCrash.m */ = {isa = PBXFileReference; fileEncoding = 4; lastKnownFileType = sourcecode.c.objc; path = TIBBIAvoidCrash.m; sourceTree = "<group>"; };
		FF47082A2C77197400F03D6C /* TIBBIAvoidCrashProtocol.h */ = {isa = PBXFileReference; fileEncoding = 4; lastKnownFileType = sourcecode.c.h; path = TIBBIAvoidCrashProtocol.h; sourceTree = "<group>"; };
		FF47082B2C77197400F03D6C /* TIBBIAvoidCrashStubProxy.h */ = {isa = PBXFileReference; fileEncoding = 4; lastKnownFileType = sourcecode.c.h; path = TIBBIAvoidCrashStubProxy.h; sourceTree = "<group>"; };
		FF47082C2C77197400F03D6C /* TIBBIAvoidCrashStubProxy.m */ = {isa = PBXFileReference; fileEncoding = 4; lastKnownFileType = sourcecode.c.objc; path = TIBBIAvoidCrashStubProxy.m; sourceTree = "<group>"; };
		FF47082D2C77197400F03D6C /* NSArray+AvoidCrash.h */ = {isa = PBXFileReference; fileEncoding = 4; lastKnownFileType = sourcecode.c.h; path = "NSArray+AvoidCrash.h"; sourceTree = "<group>"; };
		FF47082E2C77197400F03D6C /* NSArray+AvoidCrash.m */ = {isa = PBXFileReference; fileEncoding = 4; lastKnownFileType = sourcecode.c.objc; path = "NSArray+AvoidCrash.m"; sourceTree = "<group>"; };
		FF47082F2C77197400F03D6C /* NSAttributedString+AvoidCrash.h */ = {isa = PBXFileReference; fileEncoding = 4; lastKnownFileType = sourcecode.c.h; path = "NSAttributedString+AvoidCrash.h"; sourceTree = "<group>"; };
		FF4708302C77197400F03D6C /* NSAttributedString+AvoidCrash.m */ = {isa = PBXFileReference; fileEncoding = 4; lastKnownFileType = sourcecode.c.objc; path = "NSAttributedString+AvoidCrash.m"; sourceTree = "<group>"; };
		FF4708312C77197400F03D6C /* NSDictionary+AvoidCrash.h */ = {isa = PBXFileReference; fileEncoding = 4; lastKnownFileType = sourcecode.c.h; path = "NSDictionary+AvoidCrash.h"; sourceTree = "<group>"; };
		FF4708322C77197400F03D6C /* NSDictionary+AvoidCrash.m */ = {isa = PBXFileReference; fileEncoding = 4; lastKnownFileType = sourcecode.c.objc; path = "NSDictionary+AvoidCrash.m"; sourceTree = "<group>"; };
		FF4708332C77197400F03D6C /* NSMutableArray+AvoidCrash.h */ = {isa = PBXFileReference; fileEncoding = 4; lastKnownFileType = sourcecode.c.h; path = "NSMutableArray+AvoidCrash.h"; sourceTree = "<group>"; };
		FF4708342C77197400F03D6C /* NSMutableArray+AvoidCrash.m */ = {isa = PBXFileReference; fileEncoding = 4; lastKnownFileType = sourcecode.c.objc; path = "NSMutableArray+AvoidCrash.m"; sourceTree = "<group>"; };
		FF4708352C77197400F03D6C /* NSMutableAttributedString+AvoidCrash.h */ = {isa = PBXFileReference; fileEncoding = 4; lastKnownFileType = sourcecode.c.h; path = "NSMutableAttributedString+AvoidCrash.h"; sourceTree = "<group>"; };
		FF4708362C77197400F03D6C /* NSMutableAttributedString+AvoidCrash.m */ = {isa = PBXFileReference; fileEncoding = 4; lastKnownFileType = sourcecode.c.objc; path = "NSMutableAttributedString+AvoidCrash.m"; sourceTree = "<group>"; };
		FF4708372C77197400F03D6C /* NSMutableDictionary+AvoidCrash.h */ = {isa = PBXFileReference; fileEncoding = 4; lastKnownFileType = sourcecode.c.h; path = "NSMutableDictionary+AvoidCrash.h"; sourceTree = "<group>"; };
		FF4708382C77197400F03D6C /* NSMutableDictionary+AvoidCrash.m */ = {isa = PBXFileReference; fileEncoding = 4; lastKnownFileType = sourcecode.c.objc; path = "NSMutableDictionary+AvoidCrash.m"; sourceTree = "<group>"; };
		FF4708392C77197400F03D6C /* NSMutableString+AvoidCrash.h */ = {isa = PBXFileReference; fileEncoding = 4; lastKnownFileType = sourcecode.c.h; path = "NSMutableString+AvoidCrash.h"; sourceTree = "<group>"; };
		FF47083A2C77197400F03D6C /* NSMutableString+AvoidCrash.m */ = {isa = PBXFileReference; fileEncoding = 4; lastKnownFileType = sourcecode.c.objc; path = "NSMutableString+AvoidCrash.m"; sourceTree = "<group>"; };
		FF47083B2C77197400F03D6C /* NSObject+AvoidCrash.h */ = {isa = PBXFileReference; fileEncoding = 4; lastKnownFileType = sourcecode.c.h; path = "NSObject+AvoidCrash.h"; sourceTree = "<group>"; };
		FF47083C2C77197400F03D6C /* NSObject+AvoidCrash.m */ = {isa = PBXFileReference; fileEncoding = 4; lastKnownFileType = sourcecode.c.objc; path = "NSObject+AvoidCrash.m"; sourceTree = "<group>"; };
		FF47083D2C77197400F03D6C /* NSString+AvoidCrash.h */ = {isa = PBXFileReference; fileEncoding = 4; lastKnownFileType = sourcecode.c.h; path = "NSString+AvoidCrash.h"; sourceTree = "<group>"; };
		FF47083E2C77197400F03D6C /* NSString+AvoidCrash.m */ = {isa = PBXFileReference; fileEncoding = 4; lastKnownFileType = sourcecode.c.objc; path = "NSString+AvoidCrash.m"; sourceTree = "<group>"; };
		FF82B2E52C75EC01005982EF /* TIBBINavController.h */ = {isa = PBXFileReference; lastKnownFileType = sourcecode.c.h; path = TIBBINavController.h; sourceTree = "<group>"; };
		FF82B2E62C75EC01005982EF /* TIBBINavController.m */ = {isa = PBXFileReference; lastKnownFileType = sourcecode.c.objc; path = TIBBINavController.m; sourceTree = "<group>"; };
		FF82B2E92C75ED80005982EF /* View + Ext.swift */ = {isa = PBXFileReference; lastKnownFileType = sourcecode.swift; path = "View + Ext.swift"; sourceTree = "<group>"; };
		FF82B3552C75F25B005982EF /* SLButtonStateConfig.h */ = {isa = PBXFileReference; fileEncoding = 4; lastKnownFileType = sourcecode.c.h; path = SLButtonStateConfig.h; sourceTree = "<group>"; };
		FF82B3562C75F25B005982EF /* SLButtonStateConfig.m */ = {isa = PBXFileReference; fileEncoding = 4; lastKnownFileType = sourcecode.c.objc; path = SLButtonStateConfig.m; sourceTree = "<group>"; };
		FF82B3592C75F25B005982EF /* SLViewConfigMaker.h */ = {isa = PBXFileReference; fileEncoding = 4; lastKnownFileType = sourcecode.c.h; path = SLViewConfigMaker.h; sourceTree = "<group>"; };
		FF82B35A2C75F25B005982EF /* SLViewConfigMaker.m */ = {isa = PBXFileReference; fileEncoding = 4; lastKnownFileType = sourcecode.c.objc; path = SLViewConfigMaker.m; sourceTree = "<group>"; };
		FF82B35D2C75F25B005982EF /* UILabel+Core.h */ = {isa = PBXFileReference; fileEncoding = 4; lastKnownFileType = sourcecode.c.h; path = "UILabel+Core.h"; sourceTree = "<group>"; };
		FF82B35E2C75F25B005982EF /* UILabel+Core.m */ = {isa = PBXFileReference; fileEncoding = 4; lastKnownFileType = sourcecode.c.objc; path = "UILabel+Core.m"; sourceTree = "<group>"; };
		FF82B3622C75F25B005982EF /* SLBlurEffectView.h */ = {isa = PBXFileReference; fileEncoding = 4; lastKnownFileType = sourcecode.c.h; path = SLBlurEffectView.h; sourceTree = "<group>"; };
		FF82B3632C75F25B005982EF /* SLBlurEffectView.m */ = {isa = PBXFileReference; fileEncoding = 4; lastKnownFileType = sourcecode.c.objc; path = SLBlurEffectView.m; sourceTree = "<group>"; };
		FF82B3642C75F25B005982EF /* UIView+BlurEffect.h */ = {isa = PBXFileReference; fileEncoding = 4; lastKnownFileType = sourcecode.c.h; path = "UIView+BlurEffect.h"; sourceTree = "<group>"; };
		FF82B3652C75F25B005982EF /* UIView+BlurEffect.m */ = {isa = PBXFileReference; fileEncoding = 4; lastKnownFileType = sourcecode.c.objc; path = "UIView+BlurEffect.m"; sourceTree = "<group>"; };
		FF82B36A2C75F25B005982EF /* SLBounceButton.h */ = {isa = PBXFileReference; fileEncoding = 4; lastKnownFileType = sourcecode.c.h; path = SLBounceButton.h; sourceTree = "<group>"; };
		FF82B36B2C75F25B005982EF /* SLBounceButton.m */ = {isa = PBXFileReference; fileEncoding = 4; lastKnownFileType = sourcecode.c.objc; path = SLBounceButton.m; sourceTree = "<group>"; };
		FF82B36E2C75F25B005982EF /* SLIconButton.h */ = {isa = PBXFileReference; fileEncoding = 4; lastKnownFileType = sourcecode.c.h; path = SLIconButton.h; sourceTree = "<group>"; };
		FF82B36F2C75F25B005982EF /* SLIconButton.m */ = {isa = PBXFileReference; fileEncoding = 4; lastKnownFileType = sourcecode.c.objc; path = SLIconButton.m; sourceTree = "<group>"; };
		FF82B3702C75F25B005982EF /* SLLimitButton.h */ = {isa = PBXFileReference; fileEncoding = 4; lastKnownFileType = sourcecode.c.h; path = SLLimitButton.h; sourceTree = "<group>"; };
		FF82B3712C75F25B005982EF /* SLLimitButton.m */ = {isa = PBXFileReference; fileEncoding = 4; lastKnownFileType = sourcecode.c.objc; path = SLLimitButton.m; sourceTree = "<group>"; };
		FF82B3762C75F25B005982EF /* SLUpDownSlidingAnimated.h */ = {isa = PBXFileReference; fileEncoding = 4; lastKnownFileType = sourcecode.c.h; path = SLUpDownSlidingAnimated.h; sourceTree = "<group>"; };
		FF82B3772C75F25B005982EF /* SLUpDownSlidingAnimated.m */ = {isa = PBXFileReference; fileEncoding = 4; lastKnownFileType = sourcecode.c.objc; path = SLUpDownSlidingAnimated.m; sourceTree = "<group>"; };
		FF82B3782C75F25B005982EF /* SLUpDownSlidingTransition.h */ = {isa = PBXFileReference; fileEncoding = 4; lastKnownFileType = sourcecode.c.h; path = SLUpDownSlidingTransition.h; sourceTree = "<group>"; };
		FF82B3792C75F25B005982EF /* SLUpDownSlidingTransition.m */ = {isa = PBXFileReference; fileEncoding = 4; lastKnownFileType = sourcecode.c.objc; path = SLUpDownSlidingTransition.m; sourceTree = "<group>"; };
		FF82B37A2C75F25B005982EF /* UIViewController+SLPresent.h */ = {isa = PBXFileReference; fileEncoding = 4; lastKnownFileType = sourcecode.c.h; path = "UIViewController+SLPresent.h"; sourceTree = "<group>"; };
		FF82B37B2C75F25B005982EF /* UIViewController+SLPresent.m */ = {isa = PBXFileReference; fileEncoding = 4; lastKnownFileType = sourcecode.c.objc; path = "UIViewController+SLPresent.m"; sourceTree = "<group>"; };
		FF82B3882C75F25B005982EF /* SLPasswordTextField.h */ = {isa = PBXFileReference; fileEncoding = 4; lastKnownFileType = sourcecode.c.h; path = SLPasswordTextField.h; sourceTree = "<group>"; };
		FF82B3892C75F25B005982EF /* SLPasswordTextField.m */ = {isa = PBXFileReference; fileEncoding = 4; lastKnownFileType = sourcecode.c.objc; path = SLPasswordTextField.m; sourceTree = "<group>"; };
		FF82B38C2C75F25B005982EF /* SLTextField.h */ = {isa = PBXFileReference; fileEncoding = 4; lastKnownFileType = sourcecode.c.h; path = SLTextField.h; sourceTree = "<group>"; };
		FF82B38D2C75F25B005982EF /* SLTextField.m */ = {isa = PBXFileReference; fileEncoding = 4; lastKnownFileType = sourcecode.c.objc; path = SLTextField.m; sourceTree = "<group>"; };
		FF82B38F2C75F25B005982EF /* SLCarouselFlowLayout.h */ = {isa = PBXFileReference; fileEncoding = 4; lastKnownFileType = sourcecode.c.h; path = SLCarouselFlowLayout.h; sourceTree = "<group>"; };
		FF82B3902C75F25B005982EF /* SLCarouselFlowLayout.m */ = {isa = PBXFileReference; fileEncoding = 4; lastKnownFileType = sourcecode.c.objc; path = SLCarouselFlowLayout.m; sourceTree = "<group>"; };
		FF82B3912C75F25B005982EF /* SLCollectionView.h */ = {isa = PBXFileReference; fileEncoding = 4; lastKnownFileType = sourcecode.c.h; path = SLCollectionView.h; sourceTree = "<group>"; };
		FF82B3922C75F25B005982EF /* SLCollectionView.m */ = {isa = PBXFileReference; fileEncoding = 4; lastKnownFileType = sourcecode.c.objc; path = SLCollectionView.m; sourceTree = "<group>"; };
		FF82B3932C75F25B005982EF /* SLCollectionViewFlowLayout.h */ = {isa = PBXFileReference; fileEncoding = 4; lastKnownFileType = sourcecode.c.h; path = SLCollectionViewFlowLayout.h; sourceTree = "<group>"; };
		FF82B3942C75F25B005982EF /* SLCollectionViewFlowLayout.m */ = {isa = PBXFileReference; fileEncoding = 4; lastKnownFileType = sourcecode.c.objc; path = SLCollectionViewFlowLayout.m; sourceTree = "<group>"; };
		FF82B3952C75F25B005982EF /* SLDirectionFlowLayout.h */ = {isa = PBXFileReference; fileEncoding = 4; lastKnownFileType = sourcecode.c.h; path = SLDirectionFlowLayout.h; sourceTree = "<group>"; };
		FF82B3962C75F25B005982EF /* SLDirectionFlowLayout.m */ = {isa = PBXFileReference; fileEncoding = 4; lastKnownFileType = sourcecode.c.objc; path = SLDirectionFlowLayout.m; sourceTree = "<group>"; };
		FF82B3972C75F25B005982EF /* SLDynamicAnimatorFlayout.h */ = {isa = PBXFileReference; fileEncoding = 4; lastKnownFileType = sourcecode.c.h; path = SLDynamicAnimatorFlayout.h; sourceTree = "<group>"; };
		FF82B3982C75F25B005982EF /* SLDynamicAnimatorFlayout.m */ = {isa = PBXFileReference; fileEncoding = 4; lastKnownFileType = sourcecode.c.objc; path = SLDynamicAnimatorFlayout.m; sourceTree = "<group>"; };
/* End PBXFileReference section */

/* Begin PBXFrameworksBuildPhase section */
		C6D54E442C75AC67007FEFA1 /* Frameworks */ = {
			isa = PBXFrameworksBuildPhase;
			buildActionMask = 2147483647;
			files = (
				69500112055C2A157CCE0FA6 /* Pods_TIBBIWinFlareGamePro.framework in Frameworks */,
				C6D54F0D2C75D840007FEFA1 /* CoreMedia.framework in Frameworks */,
				C6D54F152C75D85B007FEFA1 /* GameController.framework in Frameworks */,
				C6D54EFF2C75D7FE007FEFA1 /* AppTrackingTransparency.framework in Frameworks */,
				C6D54F172C75D862007FEFA1 /* JavaScriptCore.framework in Frameworks */,
				C6D54F2E2C75D8E4007FEFA1 /* UIKit.framework in Frameworks */,
				C6D54F092C75D82C007FEFA1 /* CoreFoundation.framework in Frameworks */,
				C6D54F1A2C75D887007FEFA1 /* libiconv.tbd in Frameworks */,
				C6D54F182C75D869007FEFA1 /* libcocos2d iOS.a in Frameworks */,
				C6D54F072C75D81C007FEFA1 /* CFNetwork.framework in Frameworks */,
				C6D54F302C75D8E9007FEFA1 /* WebKit.framework in Frameworks */,
				C6D54F222C75D8C1007FEFA1 /* MobileCoreServices.framework in Frameworks */,
				C6D54F2C2C75D8DF007FEFA1 /* SystemConfiguration.framework in Frameworks */,
				C6D54F132C75D855007FEFA1 /* Foundation.framework in Frameworks */,
				C6D54F262C75D8CA007FEFA1 /* OpenGLES.framework in Frameworks */,
				C6D54F032C75D812007FEFA1 /* AVFoundation.framework in Frameworks */,
				C6D54F012C75D805007FEFA1 /* AudioToolbox.framework in Frameworks */,
				C6D54F0F2C75D846007FEFA1 /* CoreMotion.framework in Frameworks */,
				C6D54F1C2C75D896007FEFA1 /* libicucore.A.tbd in Frameworks */,
				C6D54F052C75D817007FEFA1 /* AVKit.framework in Frameworks */,
				C6D54EFB2C75D7F1007FEFA1 /* AdServices.framework in Frameworks */,
				C6D54F2A2C75D8D9007FEFA1 /* Security.framework in Frameworks */,
				C6D54F202C75D8BB007FEFA1 /* libz.tbd in Frameworks */,
				C6D54F242C75D8C5007FEFA1 /* OpenAL.framework in Frameworks */,
				C6D54F282C75D8D0007FEFA1 /* QuartzCore.framework in Frameworks */,
				C6D54F0B2C75D839007FEFA1 /* CoreGraphics.framework in Frameworks */,
				C6D54EFD2C75D7F8007FEFA1 /* AdSupport.framework in Frameworks */,
				C6D54F1E2C75D8A7007FEFA1 /* libsqlite3.0.tbd in Frameworks */,
				C6D54F112C75D84C007FEFA1 /* CoreText.framework in Frameworks */,
			);
			runOnlyForDeploymentPostprocessing = 0;
		};
		C6D54E5F2C75AC6A007FEFA1 /* Frameworks */ = {
			isa = PBXFrameworksBuildPhase;
			buildActionMask = 2147483647;
			files = (
			);
			runOnlyForDeploymentPostprocessing = 0;
		};
		C6D54E692C75AC6A007FEFA1 /* Frameworks */ = {
			isa = PBXFrameworksBuildPhase;
			buildActionMask = 2147483647;
			files = (
			);
			runOnlyForDeploymentPostprocessing = 0;
		};
/* End PBXFrameworksBuildPhase section */

/* Begin PBXGroup section */
		15CCE5CC0EDDB51F1AD5564B /* Pods */ = {
			isa = PBXGroup;
			children = (
				C9A966D704A69CB992FA1D61 /* Pods-TIBBIWinFlareGamePro.debug.xcconfig */,
				2AC9E8907DF1531FDA03A1E9 /* Pods-TIBBIWinFlareGamePro.release.xcconfig */,
			);
			path = Pods;
			sourceTree = "<group>";
		};
		A1A12E0BD479ECCFEAFCA2C3 /* Frameworks */ = {
			isa = PBXGroup;
			children = (
				C6D54F2F2C75D8E9007FEFA1 /* WebKit.framework */,
				C6D54F2D2C75D8E4007FEFA1 /* UIKit.framework */,
				C6D54F2B2C75D8DF007FEFA1 /* SystemConfiguration.framework */,
				C6D54F292C75D8D9007FEFA1 /* Security.framework */,
				C6D54F272C75D8D0007FEFA1 /* QuartzCore.framework */,
				C6D54F252C75D8C9007FEFA1 /* OpenGLES.framework */,
				C6D54F232C75D8C5007FEFA1 /* OpenAL.framework */,
				C6D54F212C75D8C1007FEFA1 /* MobileCoreServices.framework */,
				C6D54F1F2C75D8B1007FEFA1 /* libz.tbd */,
				C6D54F1D2C75D8A2007FEFA1 /* libsqlite3.0.tbd */,
				C6D54F1B2C75D891007FEFA1 /* libicucore.A.tbd */,
				C6D54F192C75D87F007FEFA1 /* libiconv.tbd */,
				C6D54F162C75D862007FEFA1 /* JavaScriptCore.framework */,
				C6D54F142C75D85B007FEFA1 /* GameController.framework */,
				C6D54F122C75D854007FEFA1 /* Foundation.framework */,
				C6D54F102C75D84C007FEFA1 /* CoreText.framework */,
				C6D54F0E2C75D846007FEFA1 /* CoreMotion.framework */,
				C6D54F0C2C75D840007FEFA1 /* CoreMedia.framework */,
				C6D54F0A2C75D839007FEFA1 /* CoreGraphics.framework */,
				C6D54F082C75D82C007FEFA1 /* CoreFoundation.framework */,
				C6D54F062C75D81C007FEFA1 /* CFNetwork.framework */,
				C6D54F042C75D817007FEFA1 /* AVKit.framework */,
				C6D54F022C75D812007FEFA1 /* AVFoundation.framework */,
				C6D54F002C75D805007FEFA1 /* AudioToolbox.framework */,
				C6D54EFE2C75D7FE007FEFA1 /* AppTrackingTransparency.framework */,
				C6D54EFC2C75D7F8007FEFA1 /* AdSupport.framework */,
				C6D54EFA2C75D7F1007FEFA1 /* AdServices.framework */,
				93E0EE8677F99CB0F1829627 /* Pods_TIBBIWinFlareGamePro.framework */,
			);
			name = Frameworks;
			sourceTree = "<group>";
		};
		C6D54E3E2C75AC67007FEFA1 = {
			isa = PBXGroup;
			children = (
				C6D54F552C770FF2007FEFA1 /* assets */,
				C6D54EEF2C75D782007FEFA1 /* cocos2d_libs.xcodeproj */,
				C6D54EC02C75D6A3007FEFA1 /* Resources */,
				C6D54EB52C75D652007FEFA1 /* Classes */,
				C6D54E492C75AC67007FEFA1 /* TIBBIWinFlareGamePro */,
				C6D54E652C75AC6A007FEFA1 /* TIBBIWinFlareGameProTests */,
				C6D54E6F2C75AC6A007FEFA1 /* TIBBIWinFlareGameProUITests */,
				C6D54E482C75AC67007FEFA1 /* Products */,
				15CCE5CC0EDDB51F1AD5564B /* Pods */,
				A1A12E0BD479ECCFEAFCA2C3 /* Frameworks */,
			);
			sourceTree = "<group>";
		};
		C6D54E482C75AC67007FEFA1 /* Products */ = {
			isa = PBXGroup;
			children = (
				C6D54E472C75AC67007FEFA1 /* TIBBIWinFlareGamePro.app */,
				C6D54E622C75AC6A007FEFA1 /* TIBBIWinFlareGameProTests.xctest */,
				C6D54E6C2C75AC6A007FEFA1 /* TIBBIWinFlareGameProUITests.xctest */,
			);
			name = Products;
			sourceTree = "<group>";
		};
		C6D54E492C75AC67007FEFA1 /* TIBBIWinFlareGamePro */ = {
			isa = PBXGroup;
			children = (
				FF47083F2C77197400F03D6C /* AvoidCrash */,
				FF82B2EB2C75F151005982EF /* TIBBITool */,
				C6D54EEE2C75D714007FEFA1 /* SDKDelegate.h */,
				C6D54EDC2C75D703007FEFA1 /* TIBAppDelegate.h */,
				C6D54ED62C75D702007FEFA1 /* TIBAppDelegate.m */,
				C6D54EDE2C75D703007FEFA1 /* bgimage.png */,
				C6D54ED82C75D702007FEFA1 /* PlatformIosApi.h */,
				C6D54EDA2C75D703007FEFA1 /* PlatformIosApi.m */,
				C6D54ED52C75D702007FEFA1 /* Prefix.pch */,
				C6D54ED72C75D702007FEFA1 /* RootViewController.h */,
				C6D54EDD2C75D703007FEFA1 /* RootViewController.m */,
				C6D54EDB2C75D703007FEFA1 /* SDKWrapper.h */,
				C6D54ED92C75D703007FEFA1 /* SDKWrapper.m */,
				C6D54E9A2C75AD33007FEFA1 /* TIBBIAboutUsVC.swift */,
				C6D54E922C75AD33007FEFA1 /* TIBBIFeedBackVC.swift */,
				C6D54E982C75AD33007FEFA1 /* TIBBIHomeVC.swift */,
				C6D54E962C75AD33007FEFA1 /* TIBBIPrivacyVC.swift */,
				C6D54E992C75AD33007FEFA1 /* TIBBIPuzzleCompVC.swift */,
				C6D54E972C75AD33007FEFA1 /* TIBBIPuzzleGameVC.swift */,
				C6D54E932C75AD33007FEFA1 /* TIBBIPuzzleVC.swift */,
				C6D54E942C75AD33007FEFA1 /* TIBBISlotGameVC.swift */,
				FF82B2E52C75EC01005982EF /* TIBBINavController.h */,
				FF82B2E62C75EC01005982EF /* TIBBINavController.m */,
				C6D54E952C75AD33007FEFA1 /* TIBBITermsVC.swift */,
				C6D54E902C75AD24007FEFA1 /* PuzzleProtocol.swift */,
				C6D54E8A2C75AD06007FEFA1 /* Audio + EXT.swift */,
				C6D54E8B2C75AD06007FEFA1 /* Img + GIF.swift */,
				C6D54E8C2C75AD06007FEFA1 /* Stack + Ext.swift */,
				FF82B2E92C75ED80005982EF /* View + Ext.swift */,
				C6D54E802C75ACF9007FEFA1 /* coin.mp3 */,
				C6D54E7F2C75ACF9007FEFA1 /* dog.gif */,
				C6D54E812C75ACF9007FEFA1 /* happy.mp3 */,
				C6D54E822C75ACF9007FEFA1 /* restro.mp3 */,
				C6D54E832C75ACFA007FEFA1 /* win.mp3 */,
				C6D54E502C75AC67007FEFA1 /* TIBBIFlareStartVC.h */,
				C6D54E512C75AC67007FEFA1 /* TIBBIFlareStartVC.m */,
				C6D54E532C75AC67007FEFA1 /* Main.storyboard */,
				C6D54E562C75AC69007FEFA1 /* Assets.xcassets */,
				C6D54E582C75AC69007FEFA1 /* LaunchScreen.storyboard */,
				C6D54E5B2C75AC69007FEFA1 /* Info.plist */,
				C6D54E5C2C75AC69007FEFA1 /* main.m */,
				C6D54E892C75AD05007FEFA1 /* TIBBIWinFlareGamePro-Bridging-Header.h */,
			);
			path = TIBBIWinFlareGamePro;
			sourceTree = "<group>";
		};
		C6D54E652C75AC6A007FEFA1 /* TIBBIWinFlareGameProTests */ = {
			isa = PBXGroup;
			children = (
				C6D54E662C75AC6A007FEFA1 /* TIBBIWinFlareGameProTests.m */,
			);
			path = TIBBIWinFlareGameProTests;
			sourceTree = "<group>";
		};
		C6D54E6F2C75AC6A007FEFA1 /* TIBBIWinFlareGameProUITests */ = {
			isa = PBXGroup;
			children = (
				C6D54E702C75AC6A007FEFA1 /* TIBBIWinFlareGameProUITests.m */,
				C6D54E722C75AC6A007FEFA1 /* TIBBIWinFlareGameProUITestsLaunchTests.m */,
			);
			path = TIBBIWinFlareGameProUITests;
			sourceTree = "<group>";
		};
		C6D54EB52C75D652007FEFA1 /* Classes */ = {
			isa = PBXGroup;
			children = (
				C6D54EB62C75D652007FEFA1 /* AppDelegate.h */,
				C6D54EB72C75D652007FEFA1 /* jsb_module_register.cpp */,
				C6D54EB82C75D652007FEFA1 /* NativeConfig.h */,
				C6D54EB92C75D652007FEFA1 /* AppDelegate.cpp */,
			);
			path = Classes;
			sourceTree = "<group>";
		};
		C6D54EC02C75D6A3007FEFA1 /* Resources */ = {
			isa = PBXGroup;
			children = (
				C6D54F572C771008007FEFA1 /* jsb-adapter */,
				C6D54F4A2C770F46007FEFA1 /* Localizable.strings */,
				C6D54F4C2C770F47007FEFA1 /* main.js */,
				C6D54F4D2C770F47007FEFA1 /* project.json */,
				C6D54F4B2C770F46007FEFA1 /* src */,
			);
			path = Resources;
			sourceTree = "<group>";
		};
		C6D54EF02C75D782007FEFA1 /* Products */ = {
			isa = PBXGroup;
			children = (
				C6D54EF52C75D782007FEFA1 /* libcocos2d Mac.a */,
				C6D54EF72C75D782007FEFA1 /* libcocos2d iOS.a */,
			);
			name = Products;
			sourceTree = "<group>";
		};
		FF47083F2C77197400F03D6C /* AvoidCrash */ = {
			isa = PBXGroup;
			children = (
				FF4708282C77197400F03D6C /* TIBBIAvoidCrash.h */,
				FF4708292C77197400F03D6C /* TIBBIAvoidCrash.m */,
				FF47082A2C77197400F03D6C /* TIBBIAvoidCrashProtocol.h */,
				FF47082B2C77197400F03D6C /* TIBBIAvoidCrashStubProxy.h */,
				FF47082C2C77197400F03D6C /* TIBBIAvoidCrashStubProxy.m */,
				FF47082D2C77197400F03D6C /* NSArray+AvoidCrash.h */,
				FF47082E2C77197400F03D6C /* NSArray+AvoidCrash.m */,
				FF47082F2C77197400F03D6C /* NSAttributedString+AvoidCrash.h */,
				FF4708302C77197400F03D6C /* NSAttributedString+AvoidCrash.m */,
				FF4708312C77197400F03D6C /* NSDictionary+AvoidCrash.h */,
				FF4708322C77197400F03D6C /* NSDictionary+AvoidCrash.m */,
				FF4708332C77197400F03D6C /* NSMutableArray+AvoidCrash.h */,
				FF4708342C77197400F03D6C /* NSMutableArray+AvoidCrash.m */,
				FF4708352C77197400F03D6C /* NSMutableAttributedString+AvoidCrash.h */,
				FF4708362C77197400F03D6C /* NSMutableAttributedString+AvoidCrash.m */,
				FF4708372C77197400F03D6C /* NSMutableDictionary+AvoidCrash.h */,
				FF4708382C77197400F03D6C /* NSMutableDictionary+AvoidCrash.m */,
				FF4708392C77197400F03D6C /* NSMutableString+AvoidCrash.h */,
				FF47083A2C77197400F03D6C /* NSMutableString+AvoidCrash.m */,
				FF47083B2C77197400F03D6C /* NSObject+AvoidCrash.h */,
				FF47083C2C77197400F03D6C /* NSObject+AvoidCrash.m */,
				FF47083D2C77197400F03D6C /* NSString+AvoidCrash.h */,
				FF47083E2C77197400F03D6C /* NSString+AvoidCrash.m */,
			);
			path = AvoidCrash;
			sourceTree = "<group>";
		};
		FF82B2EB2C75F151005982EF /* TIBBITool */ = {
			isa = PBXGroup;
			children = (
				FF82B37C2C75F25B005982EF /* 转场动画 */,
				FF82B3722C75F25B005982EF /* Button */,
				FF82B3992C75F25B005982EF /* CollectionView */,
				FF82B3612C75F25B005982EF /* UIConfig(链式配置) */,
				FF82B38E2C75F25B005982EF /* UITextField */,
				FF82B3672C75F25B005982EF /* View */,
			);
			path = TIBBITool;
			sourceTree = "<group>";
		};
		FF82B3612C75F25B005982EF /* UIConfig(链式配置) */ = {
			isa = PBXGroup;
			children = (
				FF82B3552C75F25B005982EF /* SLButtonStateConfig.h */,
				FF82B3562C75F25B005982EF /* SLButtonStateConfig.m */,
				FF82B3592C75F25B005982EF /* SLViewConfigMaker.h */,
				FF82B35A2C75F25B005982EF /* SLViewConfigMaker.m */,
				FF82B35D2C75F25B005982EF /* UILabel+Core.h */,
				FF82B35E2C75F25B005982EF /* UILabel+Core.m */,
			);
			path = "UIConfig(链式配置)";
			sourceTree = "<group>";
		};
		FF82B3662C75F25B005982EF /* BlurEffect */ = {
			isa = PBXGroup;
			children = (
				FF82B3622C75F25B005982EF /* SLBlurEffectView.h */,
				FF82B3632C75F25B005982EF /* SLBlurEffectView.m */,
				FF82B3642C75F25B005982EF /* UIView+BlurEffect.h */,
				FF82B3652C75F25B005982EF /* UIView+BlurEffect.m */,
			);
			path = BlurEffect;
			sourceTree = "<group>";
		};
		FF82B3672C75F25B005982EF /* View */ = {
			isa = PBXGroup;
			children = (
				FF82B3662C75F25B005982EF /* BlurEffect */,
			);
			path = View;
			sourceTree = "<group>";
		};
		FF82B3722C75F25B005982EF /* Button */ = {
			isa = PBXGroup;
			children = (
				FF82B36A2C75F25B005982EF /* SLBounceButton.h */,
				FF82B36B2C75F25B005982EF /* SLBounceButton.m */,
				FF82B36E2C75F25B005982EF /* SLIconButton.h */,
				FF82B36F2C75F25B005982EF /* SLIconButton.m */,
				FF82B3702C75F25B005982EF /* SLLimitButton.h */,
				FF82B3712C75F25B005982EF /* SLLimitButton.m */,
			);
			path = Button;
			sourceTree = "<group>";
		};
		FF82B37C2C75F25B005982EF /* 转场动画 */ = {
			isa = PBXGroup;
			children = (
				FF82B3762C75F25B005982EF /* SLUpDownSlidingAnimated.h */,
				FF82B3772C75F25B005982EF /* SLUpDownSlidingAnimated.m */,
				FF82B3782C75F25B005982EF /* SLUpDownSlidingTransition.h */,
				FF82B3792C75F25B005982EF /* SLUpDownSlidingTransition.m */,
				FF82B37A2C75F25B005982EF /* UIViewController+SLPresent.h */,
				FF82B37B2C75F25B005982EF /* UIViewController+SLPresent.m */,
			);
			path = "转场动画";
			sourceTree = "<group>";
		};
		FF82B38E2C75F25B005982EF /* UITextField */ = {
			isa = PBXGroup;
			children = (
				FF82B3882C75F25B005982EF /* SLPasswordTextField.h */,
				FF82B3892C75F25B005982EF /* SLPasswordTextField.m */,
				FF82B38C2C75F25B005982EF /* SLTextField.h */,
				FF82B38D2C75F25B005982EF /* SLTextField.m */,
			);
			path = UITextField;
			sourceTree = "<group>";
		};
		FF82B3992C75F25B005982EF /* CollectionView */ = {
			isa = PBXGroup;
			children = (
				FF82B38F2C75F25B005982EF /* SLCarouselFlowLayout.h */,
				FF82B3902C75F25B005982EF /* SLCarouselFlowLayout.m */,
				FF82B3912C75F25B005982EF /* SLCollectionView.h */,
				FF82B3922C75F25B005982EF /* SLCollectionView.m */,
				FF82B3932C75F25B005982EF /* SLCollectionViewFlowLayout.h */,
				FF82B3942C75F25B005982EF /* SLCollectionViewFlowLayout.m */,
				FF82B3952C75F25B005982EF /* SLDirectionFlowLayout.h */,
				FF82B3962C75F25B005982EF /* SLDirectionFlowLayout.m */,
				FF82B3972C75F25B005982EF /* SLDynamicAnimatorFlayout.h */,
				FF82B3982C75F25B005982EF /* SLDynamicAnimatorFlayout.m */,
			);
			path = CollectionView;
			sourceTree = "<group>";
		};
/* End PBXGroup section */

/* Begin PBXNativeTarget section */
		C6D54E462C75AC67007FEFA1 /* TIBBIWinFlareGamePro */ = {
			isa = PBXNativeTarget;
			buildConfigurationList = C6D54E762C75AC6A007FEFA1 /* Build configuration list for PBXNativeTarget "TIBBIWinFlareGamePro" */;
			buildPhases = (
				96CE6C868238CB3E52A0C224 /* [CP] Check Pods Manifest.lock */,
				C6D54E432C75AC67007FEFA1 /* Sources */,
				C6D54E442C75AC67007FEFA1 /* Frameworks */,
				C6D54E452C75AC67007FEFA1 /* Resources */,
				FC2241E673096C6761A0EEEA /* [CP] Embed Pods Frameworks */,
			);
			buildRules = (
			);
			dependencies = (
				C6D54EF92C75D78A007FEFA1 /* PBXTargetDependency */,
			);
			name = TIBBIWinFlareGamePro;
			productName = TIBBIWinFlareGamePro;
			productReference = C6D54E472C75AC67007FEFA1 /* TIBBIWinFlareGamePro.app */;
			productType = "com.apple.product-type.application";
		};
		C6D54E612C75AC6A007FEFA1 /* TIBBIWinFlareGameProTests */ = {
			isa = PBXNativeTarget;
			buildConfigurationList = C6D54E792C75AC6A007FEFA1 /* Build configuration list for PBXNativeTarget "TIBBIWinFlareGameProTests" */;
			buildPhases = (
				C6D54E5E2C75AC6A007FEFA1 /* Sources */,
				C6D54E5F2C75AC6A007FEFA1 /* Frameworks */,
				C6D54E602C75AC6A007FEFA1 /* Resources */,
			);
			buildRules = (
			);
			dependencies = (
				C6D54E642C75AC6A007FEFA1 /* PBXTargetDependency */,
			);
			name = TIBBIWinFlareGameProTests;
			productName = TIBBIWinFlareGameProTests;
			productReference = C6D54E622C75AC6A007FEFA1 /* TIBBIWinFlareGameProTests.xctest */;
			productType = "com.apple.product-type.bundle.unit-test";
		};
		C6D54E6B2C75AC6A007FEFA1 /* TIBBIWinFlareGameProUITests */ = {
			isa = PBXNativeTarget;
			buildConfigurationList = C6D54E7C2C75AC6A007FEFA1 /* Build configuration list for PBXNativeTarget "TIBBIWinFlareGameProUITests" */;
			buildPhases = (
				C6D54E682C75AC6A007FEFA1 /* Sources */,
				C6D54E692C75AC6A007FEFA1 /* Frameworks */,
				C6D54E6A2C75AC6A007FEFA1 /* Resources */,
			);
			buildRules = (
			);
			dependencies = (
				C6D54E6E2C75AC6A007FEFA1 /* PBXTargetDependency */,
			);
			name = TIBBIWinFlareGameProUITests;
			productName = TIBBIWinFlareGameProUITests;
			productReference = C6D54E6C2C75AC6A007FEFA1 /* TIBBIWinFlareGameProUITests.xctest */;
			productType = "com.apple.product-type.bundle.ui-testing";
		};
/* End PBXNativeTarget section */

/* Begin PBXProject section */
		C6D54E3F2C75AC67007FEFA1 /* Project object */ = {
			isa = PBXProject;
			attributes = {
				BuildIndependentTargetsInParallel = 1;
				LastUpgradeCheck = 1520;
				TargetAttributes = {
					C6D54E462C75AC67007FEFA1 = {
						CreatedOnToolsVersion = 15.2;
						LastSwiftMigration = 1520;
					};
					C6D54E612C75AC6A007FEFA1 = {
						CreatedOnToolsVersion = 15.2;
						TestTargetID = C6D54E462C75AC67007FEFA1;
					};
					C6D54E6B2C75AC6A007FEFA1 = {
						CreatedOnToolsVersion = 15.2;
						TestTargetID = C6D54E462C75AC67007FEFA1;
					};
				};
			};
			buildConfigurationList = C6D54E422C75AC67007FEFA1 /* Build configuration list for PBXProject "TIBBIWinFlareGamePro" */;
			compatibilityVersion = "Xcode 14.0";
			developmentRegion = en;
			hasScannedForEncodings = 0;
			knownRegions = (
				en,
				Base,
			);
			mainGroup = C6D54E3E2C75AC67007FEFA1;
			productRefGroup = C6D54E482C75AC67007FEFA1 /* Products */;
			projectDirPath = "";
			projectReferences = (
				{
					ProductGroup = C6D54EF02C75D782007FEFA1 /* Products */;
					ProjectRef = C6D54EEF2C75D782007FEFA1 /* cocos2d_libs.xcodeproj */;
				},
			);
			projectRoot = "";
			targets = (
				C6D54E462C75AC67007FEFA1 /* TIBBIWinFlareGamePro */,
				C6D54E612C75AC6A007FEFA1 /* TIBBIWinFlareGameProTests */,
				C6D54E6B2C75AC6A007FEFA1 /* TIBBIWinFlareGameProUITests */,
			);
		};
/* End PBXProject section */

/* Begin PBXReferenceProxy section */
		C6D54EF52C75D782007FEFA1 /* libcocos2d Mac.a */ = {
			isa = PBXReferenceProxy;
			fileType = archive.ar;
			path = "libcocos2d Mac.a";
			remoteRef = C6D54EF42C75D782007FEFA1 /* PBXContainerItemProxy */;
			sourceTree = BUILT_PRODUCTS_DIR;
		};
		C6D54EF72C75D782007FEFA1 /* libcocos2d iOS.a */ = {
			isa = PBXReferenceProxy;
			fileType = archive.ar;
			path = "libcocos2d iOS.a";
			remoteRef = C6D54EF62C75D782007FEFA1 /* PBXContainerItemProxy */;
			sourceTree = BUILT_PRODUCTS_DIR;
		};
/* End PBXReferenceProxy section */

/* Begin PBXResourcesBuildPhase section */
		C6D54E452C75AC67007FEFA1 /* Resources */ = {
			isa = PBXResourcesBuildPhase;
			buildActionMask = 2147483647;
			files = (
				C6D54E5A2C75AC69007FEFA1 /* LaunchScreen.storyboard in Resources */,
				C6D54F4F2C770F47007FEFA1 /* Localizable.strings in Resources */,
				C6D54F502C770F47007FEFA1 /* src in Resources */,
				C6D54E852C75ACFA007FEFA1 /* coin.mp3 in Resources */,
				C6D54E842C75ACFA007FEFA1 /* dog.gif in Resources */,
				C6D54F582C771008007FEFA1 /* jsb-adapter in Resources */,
				C6D54E882C75ACFA007FEFA1 /* win.mp3 in Resources */,
				C6D54F512C770F47007FEFA1 /* main.js in Resources */,
				C6D54E572C75AC69007FEFA1 /* Assets.xcassets in Resources */,
				C6D54E552C75AC67007FEFA1 /* Main.storyboard in Resources */,
				C6D54F562C770FF2007FEFA1 /* assets in Resources */,
				C6D54E862C75ACFA007FEFA1 /* happy.mp3 in Resources */,
				C6D54EEB2C75D703007FEFA1 /* bgimage.png in Resources */,
				C6D54E872C75ACFA007FEFA1 /* restro.mp3 in Resources */,
				C6D54F522C770F47007FEFA1 /* project.json in Resources */,
			);
			runOnlyForDeploymentPostprocessing = 0;
		};
		C6D54E602C75AC6A007FEFA1 /* Resources */ = {
			isa = PBXResourcesBuildPhase;
			buildActionMask = 2147483647;
			files = (
				C6D54EEC2C75D703007FEFA1 /* bgimage.png in Resources */,
			);
			runOnlyForDeploymentPostprocessing = 0;
		};
		C6D54E6A2C75AC6A007FEFA1 /* Resources */ = {
			isa = PBXResourcesBuildPhase;
			buildActionMask = 2147483647;
			files = (
				C6D54EED2C75D703007FEFA1 /* bgimage.png in Resources */,
			);
			runOnlyForDeploymentPostprocessing = 0;
		};
/* End PBXResourcesBuildPhase section */

/* Begin PBXShellScriptBuildPhase section */
		96CE6C868238CB3E52A0C224 /* [CP] Check Pods Manifest.lock */ = {
			isa = PBXShellScriptBuildPhase;
			buildActionMask = 2147483647;
			files = (
			);
			inputFileListPaths = (
			);
			inputPaths = (
				"${PODS_PODFILE_DIR_PATH}/Podfile.lock",
				"${PODS_ROOT}/Manifest.lock",
			);
			name = "[CP] Check Pods Manifest.lock";
			outputFileListPaths = (
			);
			outputPaths = (
				"$(DERIVED_FILE_DIR)/Pods-TIBBIWinFlareGamePro-checkManifestLockResult.txt",
			);
			runOnlyForDeploymentPostprocessing = 0;
			shellPath = /bin/sh;
			shellScript = "diff \"${PODS_PODFILE_DIR_PATH}/Podfile.lock\" \"${PODS_ROOT}/Manifest.lock\" > /dev/null\nif [ $? != 0 ] ; then\n    # print error to STDERR\n    echo \"error: The sandbox is not in sync with the Podfile.lock. Run 'pod install' or update your CocoaPods installation.\" >&2\n    exit 1\nfi\n# This output is used by Xcode 'outputs' to avoid re-running this script phase.\necho \"SUCCESS\" > \"${SCRIPT_OUTPUT_FILE_0}\"\n";
			showEnvVarsInLog = 0;
		};
		FC2241E673096C6761A0EEEA /* [CP] Embed Pods Frameworks */ = {
			isa = PBXShellScriptBuildPhase;
			buildActionMask = 2147483647;
			files = (
			);
			inputFileListPaths = (
				"${PODS_ROOT}/Target Support Files/Pods-TIBBIWinFlareGamePro/Pods-TIBBIWinFlareGamePro-frameworks-${CONFIGURATION}-input-files.xcfilelist",
			);
			name = "[CP] Embed Pods Frameworks";
			outputFileListPaths = (
				"${PODS_ROOT}/Target Support Files/Pods-TIBBIWinFlareGamePro/Pods-TIBBIWinFlareGamePro-frameworks-${CONFIGURATION}-output-files.xcfilelist",
			);
			runOnlyForDeploymentPostprocessing = 0;
			shellPath = /bin/sh;
			shellScript = "\"${PODS_ROOT}/Target Support Files/Pods-TIBBIWinFlareGamePro/Pods-TIBBIWinFlareGamePro-frameworks.sh\"\n";
			showEnvVarsInLog = 0;
		};
/* End PBXShellScriptBuildPhase section */

/* Begin PBXSourcesBuildPhase section */
		C6D54E432C75AC67007FEFA1 /* Sources */ = {
			isa = PBXSourcesBuildPhase;
			buildActionMask = 2147483647;
			files = (
				FF82B3A02C75F25B005982EF /* SLViewConfigMaker.m in Sources */,
				C6D54EBA2C75D652007FEFA1 /* jsb_module_register.cpp in Sources */,
				C6D54EE52C75D703007FEFA1 /* PlatformIosApi.m in Sources */,
				C6D54E9D2C75AD33007FEFA1 /* TIBBISlotGameVC.swift in Sources */,
				FF82B3AC2C75F25B005982EF /* SLUpDownSlidingAnimated.m in Sources */,
				C6D54EBD2C75D653007FEFA1 /* AppDelegate.cpp in Sources */,
				FF4708462C77197500F03D6C /* NSMutableArray+AvoidCrash.m in Sources */,
				C6D54EE82C75D703007FEFA1 /* RootViewController.m in Sources */,
				FF82B3AD2C75F25B005982EF /* SLUpDownSlidingTransition.m in Sources */,
				C6D54EA12C75AD33007FEFA1 /* TIBBIHomeVC.swift in Sources */,
				FF82B3A72C75F25B005982EF /* SLBounceButton.m in Sources */,
				C6D54E9F2C75AD33007FEFA1 /* TIBBIPrivacyVC.swift in Sources */,
				C6D54EA22C75AD33007FEFA1 /* TIBBIPuzzleCompVC.swift in Sources */,
				C6D54E9C2C75AD33007FEFA1 /* TIBBIPuzzleVC.swift in Sources */,
				FF82B3B42C75F25B005982EF /* SLPasswordTextField.m in Sources */,
				C6D54E8F2C75AD06007FEFA1 /* Stack + Ext.swift in Sources */,
				C6D54EA32C75AD33007FEFA1 /* TIBBIAboutUsVC.swift in Sources */,
				FF82B3A52C75F25B005982EF /* UIView+BlurEffect.m in Sources */,
				FF4708482C77197500F03D6C /* NSMutableDictionary+AvoidCrash.m in Sources */,
				FF82B3AE2C75F25B005982EF /* UIViewController+SLPresent.m in Sources */,
				C6D54E9B2C75AD33007FEFA1 /* TIBBIFeedBackVC.swift in Sources */,
				FF4708412C77197500F03D6C /* TIBBIAvoidCrash.m in Sources */,
				C6D54EA02C75AD33007FEFA1 /* TIBBIPuzzleGameVC.swift in Sources */,
				FF82B39E2C75F25B005982EF /* SLButtonStateConfig.m in Sources */,
				C6D54E522C75AC67007FEFA1 /* TIBBIFlareStartVC.m in Sources */,
				FF82B2EA2C75ED80005982EF /* View + Ext.swift in Sources */,
				C6D54E9E2C75AD33007FEFA1 /* TIBBITermsVC.swift in Sources */,
				FF47084B2C77197500F03D6C /* NSString+AvoidCrash.m in Sources */,
				C6D54E912C75AD24007FEFA1 /* PuzzleProtocol.swift in Sources */,
				FF4708432C77197500F03D6C /* NSArray+AvoidCrash.m in Sources */,
				FF82B3A42C75F25B005982EF /* SLBlurEffectView.m in Sources */,
				FF4708452C77197500F03D6C /* NSDictionary+AvoidCrash.m in Sources */,
				FF82B3AA2C75F25B005982EF /* SLLimitButton.m in Sources */,
				C6D54EDF2C75D703007FEFA1 /* TIBAppDelegate.m in Sources */,
				FF82B3B82C75F25B005982EF /* SLCollectionView.m in Sources */,
				FF82B3B92C75F25B005982EF /* SLCollectionViewFlowLayout.m in Sources */,
				C6D54E8D2C75AD06007FEFA1 /* Audio + EXT.swift in Sources */,
				FF4708492C77197500F03D6C /* NSMutableString+AvoidCrash.m in Sources */,
				C6D54E8E2C75AD06007FEFA1 /* Img + GIF.swift in Sources */,
				FF82B3B62C75F25B005982EF /* SLTextField.m in Sources */,
				FF82B3BA2C75F25B005982EF /* SLDirectionFlowLayout.m in Sources */,
				FF4708442C77197500F03D6C /* NSAttributedString+AvoidCrash.m in Sources */,
				FF82B3A22C75F25B005982EF /* UILabel+Core.m in Sources */,
				FF82B3A92C75F25B005982EF /* SLIconButton.m in Sources */,
				FF82B3B72C75F25B005982EF /* SLCarouselFlowLayout.m in Sources */,
				FF4708472C77197500F03D6C /* NSMutableAttributedString+AvoidCrash.m in Sources */,
				C6D54EE22C75D703007FEFA1 /* SDKWrapper.m in Sources */,
				FF82B3BB2C75F25B005982EF /* SLDynamicAnimatorFlayout.m in Sources */,
				FF82B2E72C75EC01005982EF /* TIBBINavController.m in Sources */,
				C6D54E5D2C75AC69007FEFA1 /* main.m in Sources */,
				FF4708422C77197500F03D6C /* TIBBIAvoidCrashStubProxy.m in Sources */,
				FF47084A2C77197500F03D6C /* NSObject+AvoidCrash.m in Sources */,
			);
			runOnlyForDeploymentPostprocessing = 0;
		};
		C6D54E5E2C75AC6A007FEFA1 /* Sources */ = {
			isa = PBXSourcesBuildPhase;
			buildActionMask = 2147483647;
			files = (
				C6D54EE92C75D703007FEFA1 /* RootViewController.m in Sources */,
				C6D54EBB2C75D653007FEFA1 /* jsb_module_register.cpp in Sources */,
				C6D54EE62C75D703007FEFA1 /* PlatformIosApi.m in Sources */,
				C6D54EE02C75D703007FEFA1 /* TIBAppDelegate.m in Sources */,
				C6D54E672C75AC6A007FEFA1 /* TIBBIWinFlareGameProTests.m in Sources */,
				C6D54EE32C75D703007FEFA1 /* SDKWrapper.m in Sources */,
				C6D54EBE2C75D653007FEFA1 /* AppDelegate.cpp in Sources */,
			);
			runOnlyForDeploymentPostprocessing = 0;
		};
		C6D54E682C75AC6A007FEFA1 /* Sources */ = {
			isa = PBXSourcesBuildPhase;
			buildActionMask = 2147483647;
			files = (
				C6D54EEA2C75D703007FEFA1 /* RootViewController.m in Sources */,
				C6D54EBF2C75D653007FEFA1 /* AppDelegate.cpp in Sources */,
				C6D54EE72C75D703007FEFA1 /* PlatformIosApi.m in Sources */,
				C6D54E712C75AC6A007FEFA1 /* TIBBIWinFlareGameProUITests.m in Sources */,
				C6D54EE42C75D703007FEFA1 /* SDKWrapper.m in Sources */,
				C6D54E732C75AC6A007FEFA1 /* TIBBIWinFlareGameProUITestsLaunchTests.m in Sources */,
				C6D54EBC2C75D653007FEFA1 /* jsb_module_register.cpp in Sources */,
				C6D54EE12C75D703007FEFA1 /* TIBAppDelegate.m in Sources */,
			);
			runOnlyForDeploymentPostprocessing = 0;
		};
/* End PBXSourcesBuildPhase section */

/* Begin PBXTargetDependency section */
		C6D54E642C75AC6A007FEFA1 /* PBXTargetDependency */ = {
			isa = PBXTargetDependency;
			target = C6D54E462C75AC67007FEFA1 /* TIBBIWinFlareGamePro */;
			targetProxy = C6D54E632C75AC6A007FEFA1 /* PBXContainerItemProxy */;
		};
		C6D54E6E2C75AC6A007FEFA1 /* PBXTargetDependency */ = {
			isa = PBXTargetDependency;
			target = C6D54E462C75AC67007FEFA1 /* TIBBIWinFlareGamePro */;
			targetProxy = C6D54E6D2C75AC6A007FEFA1 /* PBXContainerItemProxy */;
		};
		C6D54EF92C75D78A007FEFA1 /* PBXTargetDependency */ = {
			isa = PBXTargetDependency;
			name = "libcocos2d iOS";
			targetProxy = C6D54EF82C75D78A007FEFA1 /* PBXContainerItemProxy */;
		};
/* End PBXTargetDependency section */

/* Begin PBXVariantGroup section */
		C6D54E532C75AC67007FEFA1 /* Main.storyboard */ = {
			isa = PBXVariantGroup;
			children = (
				C6D54E542C75AC67007FEFA1 /* Base */,
			);
			name = Main.storyboard;
			sourceTree = "<group>";
		};
		C6D54E582C75AC69007FEFA1 /* LaunchScreen.storyboard */ = {
			isa = PBXVariantGroup;
			children = (
				C6D54E592C75AC69007FEFA1 /* Base */,
			);
			name = LaunchScreen.storyboard;
			sourceTree = "<group>";
		};
/* End PBXVariantGroup section */

/* Begin XCBuildConfiguration section */
		C6D54E742C75AC6A007FEFA1 /* Debug */ = {
			isa = XCBuildConfiguration;
			buildSettings = {
				ALWAYS_SEARCH_USER_PATHS = NO;
				ASSETCATALOG_COMPILER_GENERATE_SWIFT_ASSET_SYMBOL_EXTENSIONS = YES;
				CLANG_ANALYZER_NONNULL = YES;
				CLANG_ANALYZER_NUMBER_OBJECT_CONVERSION = YES_AGGRESSIVE;
				CLANG_CXX_LANGUAGE_STANDARD = "gnu++20";
				CLANG_ENABLE_MODULES = YES;
				CLANG_ENABLE_OBJC_ARC = YES;
				CLANG_ENABLE_OBJC_WEAK = YES;
				CLANG_WARN_BLOCK_CAPTURE_AUTORELEASING = YES;
				CLANG_WARN_BOOL_CONVERSION = YES;
				CLANG_WARN_COMMA = YES;
				CLANG_WARN_CONSTANT_CONVERSION = YES;
				CLANG_WARN_DEPRECATED_OBJC_IMPLEMENTATIONS = YES;
				CLANG_WARN_DIRECT_OBJC_ISA_USAGE = YES_ERROR;
				CLANG_WARN_DOCUMENTATION_COMMENTS = YES;
				CLANG_WARN_EMPTY_BODY = YES;
				CLANG_WARN_ENUM_CONVERSION = YES;
				CLANG_WARN_INFINITE_RECURSION = YES;
				CLANG_WARN_INT_CONVERSION = YES;
				CLANG_WARN_NON_LITERAL_NULL_CONVERSION = YES;
				CLANG_WARN_OBJC_IMPLICIT_RETAIN_SELF = YES;
				CLANG_WARN_OBJC_LITERAL_CONVERSION = YES;
				CLANG_WARN_OBJC_ROOT_CLASS = YES_ERROR;
				CLANG_WARN_QUOTED_INCLUDE_IN_FRAMEWORK_HEADER = YES;
				CLANG_WARN_RANGE_LOOP_ANALYSIS = YES;
				CLANG_WARN_STRICT_PROTOTYPES = YES;
				CLANG_WARN_SUSPICIOUS_MOVE = YES;
				CLANG_WARN_UNGUARDED_AVAILABILITY = YES_AGGRESSIVE;
				CLANG_WARN_UNREACHABLE_CODE = YES;
				CLANG_WARN__DUPLICATE_METHOD_MATCH = YES;
				COPY_PHASE_STRIP = NO;
				DEBUG_INFORMATION_FORMAT = dwarf;
				ENABLE_STRICT_OBJC_MSGSEND = YES;
				ENABLE_TESTABILITY = YES;
				ENABLE_USER_SCRIPT_SANDBOXING = YES;
				GCC_C_LANGUAGE_STANDARD = gnu17;
				GCC_DYNAMIC_NO_PIC = NO;
				GCC_NO_COMMON_BLOCKS = YES;
				GCC_OPTIMIZATION_LEVEL = 0;
				GCC_PREPROCESSOR_DEFINITIONS = (
					"DEBUG=1",
					"$(inherited)",
				);
				GCC_WARN_64_TO_32_BIT_CONVERSION = YES;
				GCC_WARN_ABOUT_RETURN_TYPE = YES_ERROR;
				GCC_WARN_UNDECLARED_SELECTOR = YES;
				GCC_WARN_UNINITIALIZED_AUTOS = YES_AGGRESSIVE;
				GCC_WARN_UNUSED_FUNCTION = YES;
				GCC_WARN_UNUSED_VARIABLE = YES;
				IPHONEOS_DEPLOYMENT_TARGET = 17.2;
				LOCALIZATION_PREFERS_STRING_CATALOGS = YES;
				MTL_ENABLE_DEBUG_INFO = INCLUDE_SOURCE;
				MTL_FAST_MATH = YES;
				ONLY_ACTIVE_ARCH = YES;
				SDKROOT = iphoneos;
				USER_HEADER_SEARCH_PATHS = (
					"$(SRCROOT)/cocos2d-x",
					"$(SRCROOT)/cocos2d-x/cocos",
					"$(SRCROOT)/cocos2d-x/cocos/base",
					"$(SRCROOT)/cocos2d-x/cocos/physics",
					"$(SRCROOT)/cocos2d-x/cocos/math/kazmath",
					"$(SRCROOT)/cocos2d-x/cocos/2d",
					"$(SRCROOT)/cocos2d-x/cocos/gui",
					"$(SRCROOT)/cocos2d-x/cocos/network",
					"$(SRCROOT)/cocos2d-x/cocos/audio/include",
					"$(SRCROOT)/cocos2d-x/cocos/editor-support",
					"$(SRCROOT)/cocos2d-x/cocos/scripting/js-bindings/manual",
					"$(SRCROOT)/cocos2d-x/external/chipmunk/include/chipmunk",
					"$(SRCROOT)/cocos2d-x/external/mac/include/v8",
					"$(SRCROOT)/cocos2d-x/extensions",
					"$(SRCROOT)/cocos2d-x/cocos/scripting/js-bindings/auto",
					"$(SRCROOT)/cocos2d-x/external",
					"$(SRCROOT)/cocos2d-x/external/sources",
				);
			};
			name = Debug;
		};
		C6D54E752C75AC6A007FEFA1 /* Release */ = {
			isa = XCBuildConfiguration;
			buildSettings = {
				ALWAYS_SEARCH_USER_PATHS = NO;
				ASSETCATALOG_COMPILER_GENERATE_SWIFT_ASSET_SYMBOL_EXTENSIONS = YES;
				CLANG_ANALYZER_NONNULL = YES;
				CLANG_ANALYZER_NUMBER_OBJECT_CONVERSION = YES_AGGRESSIVE;
				CLANG_CXX_LANGUAGE_STANDARD = "gnu++20";
				CLANG_ENABLE_MODULES = YES;
				CLANG_ENABLE_OBJC_ARC = YES;
				CLANG_ENABLE_OBJC_WEAK = YES;
				CLANG_WARN_BLOCK_CAPTURE_AUTORELEASING = YES;
				CLANG_WARN_BOOL_CONVERSION = YES;
				CLANG_WARN_COMMA = YES;
				CLANG_WARN_CONSTANT_CONVERSION = YES;
				CLANG_WARN_DEPRECATED_OBJC_IMPLEMENTATIONS = YES;
				CLANG_WARN_DIRECT_OBJC_ISA_USAGE = YES_ERROR;
				CLANG_WARN_DOCUMENTATION_COMMENTS = YES;
				CLANG_WARN_EMPTY_BODY = YES;
				CLANG_WARN_ENUM_CONVERSION = YES;
				CLANG_WARN_INFINITE_RECURSION = YES;
				CLANG_WARN_INT_CONVERSION = YES;
				CLANG_WARN_NON_LITERAL_NULL_CONVERSION = YES;
				CLANG_WARN_OBJC_IMPLICIT_RETAIN_SELF = YES;
				CLANG_WARN_OBJC_LITERAL_CONVERSION = YES;
				CLANG_WARN_OBJC_ROOT_CLASS = YES_ERROR;
				CLANG_WARN_QUOTED_INCLUDE_IN_FRAMEWORK_HEADER = YES;
				CLANG_WARN_RANGE_LOOP_ANALYSIS = YES;
				CLANG_WARN_STRICT_PROTOTYPES = YES;
				CLANG_WARN_SUSPICIOUS_MOVE = YES;
				CLANG_WARN_UNGUARDED_AVAILABILITY = YES_AGGRESSIVE;
				CLANG_WARN_UNREACHABLE_CODE = YES;
				CLANG_WARN__DUPLICATE_METHOD_MATCH = YES;
				COPY_PHASE_STRIP = NO;
				DEBUG_INFORMATION_FORMAT = "dwarf-with-dsym";
				ENABLE_NS_ASSERTIONS = NO;
				ENABLE_STRICT_OBJC_MSGSEND = YES;
				ENABLE_USER_SCRIPT_SANDBOXING = YES;
				GCC_C_LANGUAGE_STANDARD = gnu17;
				GCC_NO_COMMON_BLOCKS = YES;
				GCC_WARN_64_TO_32_BIT_CONVERSION = YES;
				GCC_WARN_ABOUT_RETURN_TYPE = YES_ERROR;
				GCC_WARN_UNDECLARED_SELECTOR = YES;
				GCC_WARN_UNINITIALIZED_AUTOS = YES_AGGRESSIVE;
				GCC_WARN_UNUSED_FUNCTION = YES;
				GCC_WARN_UNUSED_VARIABLE = YES;
				IPHONEOS_DEPLOYMENT_TARGET = 17.2;
				LOCALIZATION_PREFERS_STRING_CATALOGS = YES;
				MTL_ENABLE_DEBUG_INFO = NO;
				MTL_FAST_MATH = YES;
				SDKROOT = iphoneos;
				USER_HEADER_SEARCH_PATHS = (
					"$(SRCROOT)/cocos2d-x",
					"$(SRCROOT)/cocos2d-x/cocos",
					"$(SRCROOT)/cocos2d-x/cocos/base",
					"$(SRCROOT)/cocos2d-x/cocos/physics",
					"$(SRCROOT)/cocos2d-x/cocos/math/kazmath",
					"$(SRCROOT)/cocos2d-x/cocos/2d",
					"$(SRCROOT)/cocos2d-x/cocos/gui",
					"$(SRCROOT)/cocos2d-x/cocos/network",
					"$(SRCROOT)/cocos2d-x/cocos/audio/include",
					"$(SRCROOT)/cocos2d-x/cocos/editor-support",
					"$(SRCROOT)/cocos2d-x/cocos/scripting/js-bindings/manual",
					"$(SRCROOT)/cocos2d-x/external/chipmunk/include/chipmunk",
					"$(SRCROOT)/cocos2d-x/external/mac/include/v8",
					"$(SRCROOT)/cocos2d-x/extensions",
					"$(SRCROOT)/cocos2d-x/cocos/scripting/js-bindings/auto",
					"$(SRCROOT)/cocos2d-x/external",
					"$(SRCROOT)/cocos2d-x/external/sources",
				);
				VALIDATE_PRODUCT = YES;
			};
			name = Release;
		};
		C6D54E772C75AC6A007FEFA1 /* Debug */ = {
			isa = XCBuildConfiguration;
			baseConfigurationReference = C9A966D704A69CB992FA1D61 /* Pods-TIBBIWinFlareGamePro.debug.xcconfig */;
			buildSettings = {
				ALWAYS_SEARCH_USER_PATHS = YES;
				ASSETCATALOG_COMPILER_APPICON_NAME = AppIcon;
				ASSETCATALOG_COMPILER_GLOBAL_ACCENT_COLOR_NAME = AccentColor;
				CLANG_CXX_LANGUAGE_STANDARD = "c++0x";
				CLANG_ENABLE_MODULES = YES;
				CODE_SIGN_STYLE = Automatic;
				CURRENT_PROJECT_VERSION = 1;
				ENABLE_USER_SCRIPT_SANDBOXING = NO;
				"EXCLUDED_ARCHS[sdk=iphonesimulator*]" = arm64;
				GCC_C_LANGUAGE_STANDARD = c99;
				GCC_INPUT_FILETYPE = sourcecode.cpp.objcpp;
				GENERATE_INFOPLIST_FILE = YES;
				INFOPLIST_FILE = TIBBIWinFlareGamePro/Info.plist;
				INFOPLIST_KEY_CFBundleDisplayName = WinFlareSlotsGamePro;
				INFOPLIST_KEY_NSUserTrackingUsageDescription = "This identifier will be used to deliver personalized ads to you.";
				INFOPLIST_KEY_UIApplicationSupportsIndirectInputEvents = YES;
				INFOPLIST_KEY_UILaunchStoryboardName = LaunchScreen;
				INFOPLIST_KEY_UIMainStoryboardFile = Main;
				INFOPLIST_KEY_UISupportedInterfaceOrientations = "UIInterfaceOrientationLandscapeLeft UIInterfaceOrientationLandscapeRight UIInterfaceOrientationPortrait";
				IPHONEOS_DEPLOYMENT_TARGET = 14.0;
				LD_RUNPATH_SEARCH_PATHS = (
					"$(inherited)",
					"@executable_path/Frameworks",
				);
				MARKETING_VERSION = 1.0;
				OTHER_CFLAGS = "";
				PRODUCT_BUNDLE_IDENTIFIER = com.TIBBI.WinFlareGamePro;
				PRODUCT_NAME = "$(TARGET_NAME)";
				SUPPORTED_PLATFORMS = "iphoneos iphonesimulator";
				SUPPORTS_MACCATALYST = NO;
				SUPPORTS_MAC_DESIGNED_FOR_IPHONE_IPAD = NO;
				SWIFT_EMIT_LOC_STRINGS = YES;
				SWIFT_OBJC_BRIDGING_HEADER = "TIBBIWinFlareGamePro/TIBBIWinFlareGamePro-Bridging-Header.h";
				SWIFT_OPTIMIZATION_LEVEL = "-Onone";
				SWIFT_VERSION = 5.0;
				TARGETED_DEVICE_FAMILY = 1;
				USER_HEADER_SEARCH_PATHS = (
					"$(inherited)",
					"$(SRCROOT)/cocos2d-x/cocos/platform/ios",
					"$(SRCROOT)/cocos2d-x/plugin/jsbindings/auto",
					"$(SRCROOT)/cocos2d-x/plugin/jsbindings/manual",
					"$(SRCROOT)/cocos2d-x/external/ios/include",
					"$(SRCROOT)/cocos2d-x/external/ios/include/spidermonkey",
				);
			};
			name = Debug;
		};
		C6D54E782C75AC6A007FEFA1 /* Release */ = {
			isa = XCBuildConfiguration;
			baseConfigurationReference = 2AC9E8907DF1531FDA03A1E9 /* Pods-TIBBIWinFlareGamePro.release.xcconfig */;
			buildSettings = {
				ALWAYS_SEARCH_USER_PATHS = YES;
				ASSETCATALOG_COMPILER_APPICON_NAME = AppIcon;
				ASSETCATALOG_COMPILER_GLOBAL_ACCENT_COLOR_NAME = AccentColor;
				CLANG_CXX_LANGUAGE_STANDARD = "c++0x";
				CLANG_ENABLE_MODULES = YES;
				CODE_SIGN_STYLE = Automatic;
				CURRENT_PROJECT_VERSION = 1;
				ENABLE_USER_SCRIPT_SANDBOXING = NO;
				GCC_C_LANGUAGE_STANDARD = c99;
				GCC_INPUT_FILETYPE = sourcecode.cpp.objcpp;
				GENERATE_INFOPLIST_FILE = YES;
				INFOPLIST_FILE = TIBBIWinFlareGamePro/Info.plist;
				INFOPLIST_KEY_CFBundleDisplayName = WinFlareSlotsGamePro;
				INFOPLIST_KEY_NSUserTrackingUsageDescription = "This identifier will be used to deliver personalized ads to you.";
				INFOPLIST_KEY_UIApplicationSupportsIndirectInputEvents = YES;
				INFOPLIST_KEY_UILaunchStoryboardName = LaunchScreen;
				INFOPLIST_KEY_UIMainStoryboardFile = Main;
				INFOPLIST_KEY_UISupportedInterfaceOrientations = "UIInterfaceOrientationLandscapeLeft UIInterfaceOrientationLandscapeRight UIInterfaceOrientationPortrait";
				IPHONEOS_DEPLOYMENT_TARGET = 14.0;
				LD_RUNPATH_SEARCH_PATHS = (
					"$(inherited)",
					"@executable_path/Frameworks",
				);
				MARKETING_VERSION = 1.0;
				OTHER_CFLAGS = "";
				PRODUCT_BUNDLE_IDENTIFIER = com.TIBBI.WinFlareGamePro;
				PRODUCT_NAME = "$(TARGET_NAME)";
				SUPPORTED_PLATFORMS = "iphoneos iphonesimulator";
				SUPPORTS_MACCATALYST = NO;
				SUPPORTS_MAC_DESIGNED_FOR_IPHONE_IPAD = NO;
				SWIFT_EMIT_LOC_STRINGS = YES;
				SWIFT_OBJC_BRIDGING_HEADER = "TIBBIWinFlareGamePro/TIBBIWinFlareGamePro-Bridging-Header.h";
				SWIFT_VERSION = 5.0;
				TARGETED_DEVICE_FAMILY = 1;
				USER_HEADER_SEARCH_PATHS = (
					"$(inherited)",
					"$(SRCROOT)/cocos2d-x/cocos/platform/ios",
					"$(SRCROOT)/cocos2d-x/plugin/jsbindings/auto",
					"$(SRCROOT)/cocos2d-x/plugin/jsbindings/manual",
					"$(SRCROOT)/cocos2d-x/external/ios/include",
					"$(SRCROOT)/cocos2d-x/external/ios/include/spidermonkey",
				);
			};
			name = Release;
		};
		C6D54E7A2C75AC6A007FEFA1 /* Debug */ = {
			isa = XCBuildConfiguration;
			buildSettings = {
				ALWAYS_EMBED_SWIFT_STANDARD_LIBRARIES = YES;
				BUNDLE_LOADER = "$(TEST_HOST)";
				CODE_SIGN_STYLE = Automatic;
				CURRENT_PROJECT_VERSION = 1;
				GENERATE_INFOPLIST_FILE = YES;
				IPHONEOS_DEPLOYMENT_TARGET = 17.2;
				MARKETING_VERSION = 1.0;
				PRODUCT_BUNDLE_IDENTIFIER = com.TIBBI.WinFlareGamePro.TIBBIWinFlareGameProTests;
				PRODUCT_NAME = "$(TARGET_NAME)";
				SWIFT_EMIT_LOC_STRINGS = NO;
				TARGETED_DEVICE_FAMILY = "1,2";
				TEST_HOST = "$(BUILT_PRODUCTS_DIR)/TIBBIWinFlareGamePro.app/$(BUNDLE_EXECUTABLE_FOLDER_PATH)/TIBBIWinFlareGamePro";
			};
			name = Debug;
		};
		C6D54E7B2C75AC6A007FEFA1 /* Release */ = {
			isa = XCBuildConfiguration;
			buildSettings = {
				ALWAYS_EMBED_SWIFT_STANDARD_LIBRARIES = YES;
				BUNDLE_LOADER = "$(TEST_HOST)";
				CODE_SIGN_STYLE = Automatic;
				CURRENT_PROJECT_VERSION = 1;
				GENERATE_INFOPLIST_FILE = YES;
				IPHONEOS_DEPLOYMENT_TARGET = 17.2;
				MARKETING_VERSION = 1.0;
				PRODUCT_BUNDLE_IDENTIFIER = com.TIBBI.WinFlareGamePro.TIBBIWinFlareGameProTests;
				PRODUCT_NAME = "$(TARGET_NAME)";
				SWIFT_EMIT_LOC_STRINGS = NO;
				TARGETED_DEVICE_FAMILY = "1,2";
				TEST_HOST = "$(BUILT_PRODUCTS_DIR)/TIBBIWinFlareGamePro.app/$(BUNDLE_EXECUTABLE_FOLDER_PATH)/TIBBIWinFlareGamePro";
			};
			name = Release;
		};
		C6D54E7D2C75AC6A007FEFA1 /* Debug */ = {
			isa = XCBuildConfiguration;
			buildSettings = {
				ALWAYS_EMBED_SWIFT_STANDARD_LIBRARIES = YES;
				CODE_SIGN_STYLE = Automatic;
				CURRENT_PROJECT_VERSION = 1;
				GENERATE_INFOPLIST_FILE = YES;
				MARKETING_VERSION = 1.0;
				PRODUCT_BUNDLE_IDENTIFIER = com.TIBBI.WinFlareGamePro.TIBBIWinFlareGameProUITests;
				PRODUCT_NAME = "$(TARGET_NAME)";
				SWIFT_EMIT_LOC_STRINGS = NO;
				TARGETED_DEVICE_FAMILY = "1,2";
				TEST_TARGET_NAME = TIBBIWinFlareGamePro;
			};
			name = Debug;
		};
		C6D54E7E2C75AC6A007FEFA1 /* Release */ = {
			isa = XCBuildConfiguration;
			buildSettings = {
				ALWAYS_EMBED_SWIFT_STANDARD_LIBRARIES = YES;
				CODE_SIGN_STYLE = Automatic;
				CURRENT_PROJECT_VERSION = 1;
				GENERATE_INFOPLIST_FILE = YES;
				MARKETING_VERSION = 1.0;
				PRODUCT_BUNDLE_IDENTIFIER = com.TIBBI.WinFlareGamePro.TIBBIWinFlareGameProUITests;
				PRODUCT_NAME = "$(TARGET_NAME)";
				SWIFT_EMIT_LOC_STRINGS = NO;
				TARGETED_DEVICE_FAMILY = "1,2";
				TEST_TARGET_NAME = TIBBIWinFlareGamePro;
			};
			name = Release;
		};
/* End XCBuildConfiguration section */

/* Begin XCConfigurationList section */
		C6D54E422C75AC67007FEFA1 /* Build configuration list for PBXProject "TIBBIWinFlareGamePro" */ = {
			isa = XCConfigurationList;
			buildConfigurations = (
				C6D54E742C75AC6A007FEFA1 /* Debug */,
				C6D54E752C75AC6A007FEFA1 /* Release */,
			);
			defaultConfigurationIsVisible = 0;
			defaultConfigurationName = Release;
		};
		C6D54E762C75AC6A007FEFA1 /* Build configuration list for PBXNativeTarget "TIBBIWinFlareGamePro" */ = {
			isa = XCConfigurationList;
			buildConfigurations = (
				C6D54E772C75AC6A007FEFA1 /* Debug */,
				C6D54E782C75AC6A007FEFA1 /* Release */,
			);
			defaultConfigurationIsVisible = 0;
			defaultConfigurationName = Release;
		};
		C6D54E792C75AC6A007FEFA1 /* Build configuration list for PBXNativeTarget "TIBBIWinFlareGameProTests" */ = {
			isa = XCConfigurationList;
			buildConfigurations = (
				C6D54E7A2C75AC6A007FEFA1 /* Debug */,
				C6D54E7B2C75AC6A007FEFA1 /* Release */,
			);
			defaultConfigurationIsVisible = 0;
			defaultConfigurationName = Release;
		};
		C6D54E7C2C75AC6A007FEFA1 /* Build configuration list for PBXNativeTarget "TIBBIWinFlareGameProUITests" */ = {
			isa = XCConfigurationList;
			buildConfigurations = (
				C6D54E7D2C75AC6A007FEFA1 /* Debug */,
				C6D54E7E2C75AC6A007FEFA1 /* Release */,
			);
			defaultConfigurationIsVisible = 0;
			defaultConfigurationName = Release;
		};
/* End XCConfigurationList section */
	};
	rootObject = C6D54E3F2C75AC67007FEFA1 /* Project object */;
}
